module.storage_secondary[0].null_resource.containers["data"]: Refreshing state... [id=461518091]
module.storage_primary[0].null_resource.containers["logs"]: Refreshing state... [id=90496965]
module.storage_secondary[0].null_resource.containers["backups"]: Refreshing state... [id=296869932]
module.storage_primary[0].null_resource.containers["backups"]: Refreshing state... [id=304623284]
module.storage_primary[0].null_resource.containers["data"]: Refreshing state... [id=666667518]
module.storage_secondary[0].null_resource.containers["logs"]: Refreshing state... [id=305478614]
random_string.unique: Refreshing state... [id=z82j]
module.sql_mi_secondary[0].data.azurerm_client_config.current: Reading...
module.key_vault_secondary.data.azurerm_client_config.current: Reading...
module.storage_secondary[0].data.azurerm_client_config.current: Reading...
module.resource_group_primary.azurerm_resource_group.this: Refreshing state... [id=/subscriptions/b8383a80-7a39-472f-89b8-4f0b6a53b266/resourceGroups/rg-pocapp2-prod-eus2]
module.key_vault_primary.data.azurerm_client_config.current: Reading...
module.resource_group_secondary.azurerm_resource_group.this: Refreshing state... [id=/subscriptions/b8383a80-7a39-472f-89b8-4f0b6a53b266/resourceGroups/rg-pocapp2-prod-cus]
module.storage_primary[0].data.azurerm_client_config.current: Reading...
module.sql_mi_secondary[0].data.azurerm_client_config.current: Read complete after 0s [id=Y2xpZW50Q29uZmlncy9jbGllbnRJZD0wNGIwNzc5NS04ZGRiLTQ2MWEtYmJlZS0wMmY5ZTFiZjdiNDY7b2JqZWN0SWQ9OTQxZjU5ZmQtYWViNS00YmEyLTlmYjktMmY1MTMyZDE1NTAwO3N1YnNjcmlwdGlvbklkPWI4MzgzYTgwLTdhMzktNDcyZi04OWI4LTRmMGI2YTUzYjI2Njt0ZW5hbnRJZD02MDIxYWEzNy01YTQ0LTQ1MGEtODg1NC1mMDgyNDU5ODViZTI=]
module.key_vault_secondary.data.azurerm_client_config.current: Read complete after 0s [id=Y2xpZW50Q29uZmlncy9jbGllbnRJZD0wNGIwNzc5NS04ZGRiLTQ2MWEtYmJlZS0wMmY5ZTFiZjdiNDY7b2JqZWN0SWQ9OTQxZjU5ZmQtYWViNS00YmEyLTlmYjktMmY1MTMyZDE1NTAwO3N1YnNjcmlwdGlvbklkPWI4MzgzYTgwLTdhMzktNDcyZi04OWI4LTRmMGI2YTUzYjI2Njt0ZW5hbnRJZD02MDIxYWEzNy01YTQ0LTQ1MGEtODg1NC1mMDgyNDU5ODViZTI=]
module.storage_secondary[0].data.azurerm_client_config.current: Read complete after 0s [id=Y2xpZW50Q29uZmlncy9jbGllbnRJZD0wNGIwNzc5NS04ZGRiLTQ2MWEtYmJlZS0wMmY5ZTFiZjdiNDY7b2JqZWN0SWQ9OTQxZjU5ZmQtYWViNS00YmEyLTlmYjktMmY1MTMyZDE1NTAwO3N1YnNjcmlwdGlvbklkPWI4MzgzYTgwLTdhMzktNDcyZi04OWI4LTRmMGI2YTUzYjI2Njt0ZW5hbnRJZD02MDIxYWEzNy01YTQ0LTQ1MGEtODg1NC1mMDgyNDU5ODViZTI=]
module.storage_primary[0].data.azurerm_client_config.current: Read complete after 0s [id=Y2xpZW50Q29uZmlncy9jbGllbnRJZD0wNGIwNzc5NS04ZGRiLTQ2MWEtYmJlZS0wMmY5ZTFiZjdiNDY7b2JqZWN0SWQ9OTQxZjU5ZmQtYWViNS00YmEyLTlmYjktMmY1MTMyZDE1NTAwO3N1YnNjcmlwdGlvbklkPWI4MzgzYTgwLTdhMzktNDcyZi04OWI4LTRmMGI2YTUzYjI2Njt0ZW5hbnRJZD02MDIxYWEzNy01YTQ0LTQ1MGEtODg1NC1mMDgyNDU5ODViZTI=]
module.key_vault_primary.data.azurerm_client_config.current: Read complete after 0s [id=Y2xpZW50Q29uZmlncy9jbGllbnRJZD0wNGIwNzc5NS04ZGRiLTQ2MWEtYmJlZS0wMmY5ZTFiZjdiNDY7b2JqZWN0SWQ9OTQxZjU5ZmQtYWViNS00YmEyLTlmYjktMmY1MTMyZDE1NTAwO3N1YnNjcmlwdGlvbklkPWI4MzgzYTgwLTdhMzktNDcyZi04OWI4LTRmMGI2YTUzYjI2Njt0ZW5hbnRJZD02MDIxYWEzNy01YTQ0LTQ1MGEtODg1NC1mMDgyNDU5ODViZTI=]
module.networking_secondary.azurerm_network_security_group.subnets["snet-appservice"]: Refreshing state... [id=/subscriptions/b8383a80-7a39-472f-89b8-4f0b6a53b266/resourceGroups/rg-pocapp2-prod-cus/providers/Microsoft.Network/networkSecurityGroups/nsg-snet-appservice]
module.networking_secondary.azurerm_network_security_group.subnets["snet-privateendpoints"]: Refreshing state... [id=/subscriptions/b8383a80-7a39-472f-89b8-4f0b6a53b266/resourceGroups/rg-pocapp2-prod-cus/providers/Microsoft.Network/networkSecurityGroups/nsg-snet-privateendpoints]
module.networking_secondary.azurerm_network_security_group.subnets["snet-redis"]: Refreshing state... [id=/subscriptions/b8383a80-7a39-472f-89b8-4f0b6a53b266/resourceGroups/rg-pocapp2-prod-cus/providers/Microsoft.Network/networkSecurityGroups/nsg-snet-redis]
module.networking_secondary.azurerm_network_security_group.subnets["snet-functionapp"]: Refreshing state... [id=/subscriptions/b8383a80-7a39-472f-89b8-4f0b6a53b266/resourceGroups/rg-pocapp2-prod-cus/providers/Microsoft.Network/networkSecurityGroups/nsg-snet-functionapp]
module.networking_secondary.azurerm_network_security_group.subnets["snet-apim"]: Refreshing state... [id=/subscriptions/b8383a80-7a39-472f-89b8-4f0b6a53b266/resourceGroups/rg-pocapp2-prod-cus/providers/Microsoft.Network/networkSecurityGroups/nsg-snet-apim]
module.networking_secondary.azurerm_virtual_network.this: Refreshing state... [id=/subscriptions/b8383a80-7a39-472f-89b8-4f0b6a53b266/resourceGroups/rg-pocapp2-prod-cus/providers/Microsoft.Network/virtualNetworks/vnet-pocapp2-prod-cus]
module.networking_secondary.azurerm_network_security_group.subnets["snet-sqlmi"]: Refreshing state... [id=/subscriptions/b8383a80-7a39-472f-89b8-4f0b6a53b266/resourceGroups/rg-pocapp2-prod-cus/providers/Microsoft.Network/networkSecurityGroups/nsg-snet-sqlmi]
module.networking_secondary.azurerm_private_dns_zone.zones["sql"]: Refreshing state... [id=/subscriptions/b8383a80-7a39-472f-89b8-4f0b6a53b266/resourceGroups/rg-pocapp2-prod-cus/providers/Microsoft.Network/privateDnsZones/privatelink.database.windows.net]
module.networking_secondary.azurerm_private_dns_zone.zones["file"]: Refreshing state... [id=/subscriptions/b8383a80-7a39-472f-89b8-4f0b6a53b266/resourceGroups/rg-pocapp2-prod-cus/providers/Microsoft.Network/privateDnsZones/privatelink.file.core.windows.net]
module.networking_secondary.azurerm_private_dns_zone.zones["apim"]: Refreshing state... [id=/subscriptions/b8383a80-7a39-472f-89b8-4f0b6a53b266/resourceGroups/rg-pocapp2-prod-cus/providers/Microsoft.Network/privateDnsZones/privatelink.azure-api.net]
module.networking_secondary.azurerm_private_dns_zone.zones["blob"]: Refreshing state... [id=/subscriptions/b8383a80-7a39-472f-89b8-4f0b6a53b266/resourceGroups/rg-pocapp2-prod-cus/providers/Microsoft.Network/privateDnsZones/privatelink.blob.core.windows.net]
module.networking_secondary.azurerm_private_dns_zone.zones["webapp"]: Refreshing state... [id=/subscriptions/b8383a80-7a39-472f-89b8-4f0b6a53b266/resourceGroups/rg-pocapp2-prod-cus/providers/Microsoft.Network/privateDnsZones/privatelink.azurewebsites.net]
module.networking_secondary.azurerm_private_dns_zone.zones["queue"]: Refreshing state... [id=/subscriptions/b8383a80-7a39-472f-89b8-4f0b6a53b266/resourceGroups/rg-pocapp2-prod-cus/providers/Microsoft.Network/privateDnsZones/privatelink.queue.core.windows.net]
module.networking_secondary.azurerm_private_dns_zone.zones["redis"]: Refreshing state... [id=/subscriptions/b8383a80-7a39-472f-89b8-4f0b6a53b266/resourceGroups/rg-pocapp2-prod-cus/providers/Microsoft.Network/privateDnsZones/privatelink.redis.cache.windows.net]
module.networking_secondary.azurerm_private_dns_zone.zones["table"]: Refreshing state... [id=/subscriptions/b8383a80-7a39-472f-89b8-4f0b6a53b266/resourceGroups/rg-pocapp2-prod-cus/providers/Microsoft.Network/privateDnsZones/privatelink.table.core.windows.net]
module.networking_secondary.azurerm_private_dns_zone.zones["keyvault"]: Refreshing state... [id=/subscriptions/b8383a80-7a39-472f-89b8-4f0b6a53b266/resourceGroups/rg-pocapp2-prod-cus/providers/Microsoft.Network/privateDnsZones/privatelink.vaultcore.azure.net]
module.app_service_secondary.azurerm_service_plan.this: Refreshing state... [id=/subscriptions/b8383a80-7a39-472f-89b8-4f0b6a53b266/resourceGroups/rg-pocapp2-prod-cus/providers/Microsoft.Web/serverFarms/asp-pocapp2-prod-cus]
module.function_app_secondary[0].azurerm_service_plan.this: Refreshing state... [id=/subscriptions/b8383a80-7a39-472f-89b8-4f0b6a53b266/resourceGroups/rg-pocapp2-prod-cus/providers/Microsoft.Web/serverFarms/asp-pocapp2-prod-cus-func]
module.key_vault_secondary.azurerm_key_vault.this: Refreshing state... [id=/subscriptions/b8383a80-7a39-472f-89b8-4f0b6a53b266/resourceGroups/rg-pocapp2-prod-cus/providers/Microsoft.KeyVault/vaults/kv-pocapp2-prod-cus]
module.storage_secondary[0].azurerm_storage_account.this: Refreshing state... [id=/subscriptions/b8383a80-7a39-472f-89b8-4f0b6a53b266/resourceGroups/rg-pocapp2-prod-cus/providers/Microsoft.Storage/storageAccounts/stpocapp2prodcus]
module.networking_secondary.azurerm_subnet.subnets["snet-appservice"]: Refreshing state... [id=/subscriptions/b8383a80-7a39-472f-89b8-4f0b6a53b266/resourceGroups/rg-pocapp2-prod-cus/providers/Microsoft.Network/virtualNetworks/vnet-pocapp2-prod-cus/subnets/snet-appservice]
module.networking_secondary.azurerm_subnet.subnets["snet-sqlmi"]: Refreshing state... [id=/subscriptions/b8383a80-7a39-472f-89b8-4f0b6a53b266/resourceGroups/rg-pocapp2-prod-cus/providers/Microsoft.Network/virtualNetworks/vnet-pocapp2-prod-cus/subnets/snet-sqlmi]
module.networking_secondary.azurerm_subnet.subnets["snet-apim"]: Refreshing state... [id=/subscriptions/b8383a80-7a39-472f-89b8-4f0b6a53b266/resourceGroups/rg-pocapp2-prod-cus/providers/Microsoft.Network/virtualNetworks/vnet-pocapp2-prod-cus/subnets/snet-apim]
module.networking_secondary.azurerm_subnet.subnets["snet-functionapp"]: Refreshing state... [id=/subscriptions/b8383a80-7a39-472f-89b8-4f0b6a53b266/resourceGroups/rg-pocapp2-prod-cus/providers/Microsoft.Network/virtualNetworks/vnet-pocapp2-prod-cus/subnets/snet-functionapp]
module.networking_secondary.azurerm_subnet.subnets["snet-redis"]: Refreshing state... [id=/subscriptions/b8383a80-7a39-472f-89b8-4f0b6a53b266/resourceGroups/rg-pocapp2-prod-cus/providers/Microsoft.Network/virtualNetworks/vnet-pocapp2-prod-cus/subnets/snet-redis]
module.networking_secondary.azurerm_subnet.subnets["snet-privateendpoints"]: Refreshing state... [id=/subscriptions/b8383a80-7a39-472f-89b8-4f0b6a53b266/resourceGroups/rg-pocapp2-prod-cus/providers/Microsoft.Network/virtualNetworks/vnet-pocapp2-prod-cus/subnets/snet-privateendpoints]
module.networking_secondary.azurerm_network_security_rule.deny_all_inbound["snet-apim"]: Refreshing state... [id=/subscriptions/b8383a80-7a39-472f-89b8-4f0b6a53b266/resourceGroups/rg-pocapp2-prod-cus/providers/Microsoft.Network/networkSecurityGroups/nsg-snet-apim/securityRules/DenyAllInbound]
module.networking_secondary.azurerm_network_security_rule.deny_all_inbound["snet-privateendpoints"]: Refreshing state... [id=/subscriptions/b8383a80-7a39-472f-89b8-4f0b6a53b266/resourceGroups/rg-pocapp2-prod-cus/providers/Microsoft.Network/networkSecurityGroups/nsg-snet-privateendpoints/securityRules/DenyAllInbound]
module.networking_secondary.azurerm_network_security_rule.deny_all_inbound["snet-sqlmi"]: Refreshing state... [id=/subscriptions/b8383a80-7a39-472f-89b8-4f0b6a53b266/resourceGroups/rg-pocapp2-prod-cus/providers/Microsoft.Network/networkSecurityGroups/nsg-snet-sqlmi/securityRules/DenyAllInbound]
module.networking_secondary.azurerm_network_security_rule.deny_all_inbound["snet-appservice"]: Refreshing state... [id=/subscriptions/b8383a80-7a39-472f-89b8-4f0b6a53b266/resourceGroups/rg-pocapp2-prod-cus/providers/Microsoft.Network/networkSecurityGroups/nsg-snet-appservice/securityRules/DenyAllInbound]
module.networking_secondary.azurerm_network_security_rule.deny_all_inbound["snet-redis"]: Refreshing state... [id=/subscriptions/b8383a80-7a39-472f-89b8-4f0b6a53b266/resourceGroups/rg-pocapp2-prod-cus/providers/Microsoft.Network/networkSecurityGroups/nsg-snet-redis/securityRules/DenyAllInbound]
module.networking_secondary.azurerm_network_security_rule.deny_all_inbound["snet-functionapp"]: Refreshing state... [id=/subscriptions/b8383a80-7a39-472f-89b8-4f0b6a53b266/resourceGroups/rg-pocapp2-prod-cus/providers/Microsoft.Network/networkSecurityGroups/nsg-snet-functionapp/securityRules/DenyAllInbound]
module.app_service_secondary.azurerm_monitor_autoscale_setting.this[0]: Refreshing state... [id=/subscriptions/b8383a80-7a39-472f-89b8-4f0b6a53b266/resourceGroups/rg-pocapp2-prod-cus/providers/Microsoft.Insights/autoScaleSettings/autoscale-asp-pocapp2-prod-cus]
module.networking_secondary.azurerm_private_dns_zone_virtual_network_link.links["keyvault"]: Refreshing state... [id=/subscriptions/b8383a80-7a39-472f-89b8-4f0b6a53b266/resourceGroups/rg-pocapp2-prod-cus/providers/Microsoft.Network/privateDnsZones/privatelink.vaultcore.azure.net/virtualNetworkLinks/link-vnet-pocapp2-prod-cus-keyvault]
module.networking_secondary.azurerm_private_dns_zone_virtual_network_link.links["webapp"]: Refreshing state... [id=/subscriptions/b8383a80-7a39-472f-89b8-4f0b6a53b266/resourceGroups/rg-pocapp2-prod-cus/providers/Microsoft.Network/privateDnsZones/privatelink.azurewebsites.net/virtualNetworkLinks/link-vnet-pocapp2-prod-cus-webapp]
module.networking_secondary.azurerm_private_dns_zone_virtual_network_link.links["blob"]: Refreshing state... [id=/subscriptions/b8383a80-7a39-472f-89b8-4f0b6a53b266/resourceGroups/rg-pocapp2-prod-cus/providers/Microsoft.Network/privateDnsZones/privatelink.blob.core.windows.net/virtualNetworkLinks/link-vnet-pocapp2-prod-cus-blob]
module.networking_secondary.azurerm_private_dns_zone_virtual_network_link.links["file"]: Refreshing state... [id=/subscriptions/b8383a80-7a39-472f-89b8-4f0b6a53b266/resourceGroups/rg-pocapp2-prod-cus/providers/Microsoft.Network/privateDnsZones/privatelink.file.core.windows.net/virtualNetworkLinks/link-vnet-pocapp2-prod-cus-file]
module.networking_secondary.azurerm_private_dns_zone_virtual_network_link.links["queue"]: Refreshing state... [id=/subscriptions/b8383a80-7a39-472f-89b8-4f0b6a53b266/resourceGroups/rg-pocapp2-prod-cus/providers/Microsoft.Network/privateDnsZones/privatelink.queue.core.windows.net/virtualNetworkLinks/link-vnet-pocapp2-prod-cus-queue]
module.networking_secondary.azurerm_private_dns_zone_virtual_network_link.links["redis"]: Refreshing state... [id=/subscriptions/b8383a80-7a39-472f-89b8-4f0b6a53b266/resourceGroups/rg-pocapp2-prod-cus/providers/Microsoft.Network/privateDnsZones/privatelink.redis.cache.windows.net/virtualNetworkLinks/link-vnet-pocapp2-prod-cus-redis]
module.networking_secondary.azurerm_private_dns_zone_virtual_network_link.links["table"]: Refreshing state... [id=/subscriptions/b8383a80-7a39-472f-89b8-4f0b6a53b266/resourceGroups/rg-pocapp2-prod-cus/providers/Microsoft.Network/privateDnsZones/privatelink.table.core.windows.net/virtualNetworkLinks/link-vnet-pocapp2-prod-cus-table]
module.networking_secondary.azurerm_private_dns_zone_virtual_network_link.links["sql"]: Refreshing state... [id=/subscriptions/b8383a80-7a39-472f-89b8-4f0b6a53b266/resourceGroups/rg-pocapp2-prod-cus/providers/Microsoft.Network/privateDnsZones/privatelink.database.windows.net/virtualNetworkLinks/link-vnet-pocapp2-prod-cus-sql]
module.networking_secondary.azurerm_private_dns_zone_virtual_network_link.links["apim"]: Refreshing state... [id=/subscriptions/b8383a80-7a39-472f-89b8-4f0b6a53b266/resourceGroups/rg-pocapp2-prod-cus/providers/Microsoft.Network/privateDnsZones/privatelink.azure-api.net/virtualNetworkLinks/link-vnet-pocapp2-prod-cus-apim]
module.function_app_primary[0].azurerm_service_plan.this: Refreshing state... [id=/subscriptions/b8383a80-7a39-472f-89b8-4f0b6a53b266/resourceGroups/rg-pocapp2-prod-eus2/providers/Microsoft.Web/serverFarms/asp-pocapp2-prod-eus2-func]
module.networking_primary.azurerm_virtual_network.this: Refreshing state... [id=/subscriptions/b8383a80-7a39-472f-89b8-4f0b6a53b266/resourceGroups/rg-pocapp2-prod-eus2/providers/Microsoft.Network/virtualNetworks/vnet-pocapp2-prod-eus2]
module.networking_primary.azurerm_private_dns_zone.zones["blob"]: Refreshing state... [id=/subscriptions/b8383a80-7a39-472f-89b8-4f0b6a53b266/resourceGroups/rg-pocapp2-prod-eus2/providers/Microsoft.Network/privateDnsZones/privatelink.blob.core.windows.net]
module.networking_primary.azurerm_private_dns_zone.zones["queue"]: Refreshing state... [id=/subscriptions/b8383a80-7a39-472f-89b8-4f0b6a53b266/resourceGroups/rg-pocapp2-prod-eus2/providers/Microsoft.Network/privateDnsZones/privatelink.queue.core.windows.net]
module.networking_primary.azurerm_private_dns_zone.zones["webapp"]: Refreshing state... [id=/subscriptions/b8383a80-7a39-472f-89b8-4f0b6a53b266/resourceGroups/rg-pocapp2-prod-eus2/providers/Microsoft.Network/privateDnsZones/privatelink.azurewebsites.net]
module.networking_primary.azurerm_private_dns_zone.zones["keyvault"]: Refreshing state... [id=/subscriptions/b8383a80-7a39-472f-89b8-4f0b6a53b266/resourceGroups/rg-pocapp2-prod-eus2/providers/Microsoft.Network/privateDnsZones/privatelink.vaultcore.azure.net]
module.networking_primary.azurerm_private_dns_zone.zones["apim"]: Refreshing state... [id=/subscriptions/b8383a80-7a39-472f-89b8-4f0b6a53b266/resourceGroups/rg-pocapp2-prod-eus2/providers/Microsoft.Network/privateDnsZones/privatelink.azure-api.net]
module.networking_primary.azurerm_private_dns_zone.zones["sql"]: Refreshing state... [id=/subscriptions/b8383a80-7a39-472f-89b8-4f0b6a53b266/resourceGroups/rg-pocapp2-prod-eus2/providers/Microsoft.Network/privateDnsZones/privatelink.database.windows.net]
module.networking_primary.azurerm_private_dns_zone.zones["file"]: Refreshing state... [id=/subscriptions/b8383a80-7a39-472f-89b8-4f0b6a53b266/resourceGroups/rg-pocapp2-prod-eus2/providers/Microsoft.Network/privateDnsZones/privatelink.file.core.windows.net]
module.networking_primary.azurerm_private_dns_zone.zones["redis"]: Refreshing state... [id=/subscriptions/b8383a80-7a39-472f-89b8-4f0b6a53b266/resourceGroups/rg-pocapp2-prod-eus2/providers/Microsoft.Network/privateDnsZones/privatelink.redis.cache.windows.net]
module.networking_primary.azurerm_private_dns_zone.zones["table"]: Refreshing state... [id=/subscriptions/b8383a80-7a39-472f-89b8-4f0b6a53b266/resourceGroups/rg-pocapp2-prod-eus2/providers/Microsoft.Network/privateDnsZones/privatelink.table.core.windows.net]
module.networking_primary.azurerm_network_security_group.subnets["snet-functionapp"]: Refreshing state... [id=/subscriptions/b8383a80-7a39-472f-89b8-4f0b6a53b266/resourceGroups/rg-pocapp2-prod-eus2/providers/Microsoft.Network/networkSecurityGroups/nsg-snet-functionapp]
module.networking_primary.azurerm_network_security_group.subnets["snet-privateendpoints"]: Refreshing state... [id=/subscriptions/b8383a80-7a39-472f-89b8-4f0b6a53b266/resourceGroups/rg-pocapp2-prod-eus2/providers/Microsoft.Network/networkSecurityGroups/nsg-snet-privateendpoints]
module.networking_primary.azurerm_network_security_group.subnets["snet-apim"]: Refreshing state... [id=/subscriptions/b8383a80-7a39-472f-89b8-4f0b6a53b266/resourceGroups/rg-pocapp2-prod-eus2/providers/Microsoft.Network/networkSecurityGroups/nsg-snet-apim]
module.networking_primary.azurerm_network_security_group.subnets["snet-redis"]: Refreshing state... [id=/subscriptions/b8383a80-7a39-472f-89b8-4f0b6a53b266/resourceGroups/rg-pocapp2-prod-eus2/providers/Microsoft.Network/networkSecurityGroups/nsg-snet-redis]
module.networking_primary.azurerm_network_security_group.subnets["snet-appservice"]: Refreshing state... [id=/subscriptions/b8383a80-7a39-472f-89b8-4f0b6a53b266/resourceGroups/rg-pocapp2-prod-eus2/providers/Microsoft.Network/networkSecurityGroups/nsg-snet-appservice]
module.networking_primary.azurerm_network_security_group.subnets["snet-sqlmi"]: Refreshing state... [id=/subscriptions/b8383a80-7a39-472f-89b8-4f0b6a53b266/resourceGroups/rg-pocapp2-prod-eus2/providers/Microsoft.Network/networkSecurityGroups/nsg-snet-sqlmi]
module.key_vault_primary.azurerm_key_vault.this: Refreshing state... [id=/subscriptions/b8383a80-7a39-472f-89b8-4f0b6a53b266/resourceGroups/rg-pocapp2-prod-eus2/providers/Microsoft.KeyVault/vaults/kv-pocapp2-prod-eus2]
module.front_door.azurerm_cdn_frontdoor_profile.this: Refreshing state... [id=/subscriptions/b8383a80-7a39-472f-89b8-4f0b6a53b266/resourceGroups/rg-pocapp2-prod-eus2/providers/Microsoft.Cdn/profiles/fd-pocapp2-prod]
module.storage_primary[0].azurerm_storage_account.this: Refreshing state... [id=/subscriptions/b8383a80-7a39-472f-89b8-4f0b6a53b266/resourceGroups/rg-pocapp2-prod-eus2/providers/Microsoft.Storage/storageAccounts/stpocapp2prodeus2]
module.app_service_primary.azurerm_service_plan.this: Refreshing state... [id=/subscriptions/b8383a80-7a39-472f-89b8-4f0b6a53b266/resourceGroups/rg-pocapp2-prod-eus2/providers/Microsoft.Web/serverFarms/asp-pocapp2-prod-eus2]
module.redis_primary.azurerm_redis_cache.this: Refreshing state... [id=/subscriptions/b8383a80-7a39-472f-89b8-4f0b6a53b266/resourceGroups/rg-pocapp2-prod-eus2/providers/Microsoft.Cache/redis/redis-pocapp2-prod-eus2]
module.monitoring.azurerm_monitor_action_group.this["critical"]: Refreshing state... [id=/subscriptions/b8383a80-7a39-472f-89b8-4f0b6a53b266/resourceGroups/rg-pocapp2-prod-eus2/providers/Microsoft.Insights/actionGroups/critical]
module.monitoring.azurerm_monitor_action_group.this["warning"]: Refreshing state... [id=/subscriptions/b8383a80-7a39-472f-89b8-4f0b6a53b266/resourceGroups/rg-pocapp2-prod-eus2/providers/Microsoft.Insights/actionGroups/warning]
module.monitoring.azurerm_log_analytics_workspace.this: Refreshing state... [id=/subscriptions/b8383a80-7a39-472f-89b8-4f0b6a53b266/resourceGroups/rg-pocapp2-prod-eus2/providers/Microsoft.OperationalInsights/workspaces/law-pocapp2-prod-eus2]
module.front_door.azurerm_cdn_frontdoor_firewall_policy.this[0]: Refreshing state... [id=/subscriptions/b8383a80-7a39-472f-89b8-4f0b6a53b266/resourceGroups/rg-pocapp2-prod-eus2/providers/Microsoft.Network/frontDoorWebApplicationFirewallPolicies/wafpocappprodglobal]
module.networking_secondary.azurerm_subnet_network_security_group_association.subnets["snet-privateendpoints"]: Refreshing state... [id=/subscriptions/b8383a80-7a39-472f-89b8-4f0b6a53b266/resourceGroups/rg-pocapp2-prod-cus/providers/Microsoft.Network/virtualNetworks/vnet-pocapp2-prod-cus/subnets/snet-privateendpoints]
module.networking_secondary.azurerm_subnet_network_security_group_association.subnets["snet-apim"]: Refreshing state... [id=/subscriptions/b8383a80-7a39-472f-89b8-4f0b6a53b266/resourceGroups/rg-pocapp2-prod-cus/providers/Microsoft.Network/virtualNetworks/vnet-pocapp2-prod-cus/subnets/snet-apim]
module.networking_secondary.azurerm_subnet_network_security_group_association.subnets["snet-appservice"]: Refreshing state... [id=/subscriptions/b8383a80-7a39-472f-89b8-4f0b6a53b266/resourceGroups/rg-pocapp2-prod-cus/providers/Microsoft.Network/virtualNetworks/vnet-pocapp2-prod-cus/subnets/snet-appservice]
module.networking_secondary.azurerm_subnet_network_security_group_association.subnets["snet-redis"]: Refreshing state... [id=/subscriptions/b8383a80-7a39-472f-89b8-4f0b6a53b266/resourceGroups/rg-pocapp2-prod-cus/providers/Microsoft.Network/virtualNetworks/vnet-pocapp2-prod-cus/subnets/snet-redis]
module.networking_secondary.azurerm_subnet_network_security_group_association.subnets["snet-functionapp"]: Refreshing state... [id=/subscriptions/b8383a80-7a39-472f-89b8-4f0b6a53b266/resourceGroups/rg-pocapp2-prod-cus/providers/Microsoft.Network/virtualNetworks/vnet-pocapp2-prod-cus/subnets/snet-functionapp]
module.networking_secondary.azurerm_subnet_network_security_group_association.subnets["snet-sqlmi"]: Refreshing state... [id=/subscriptions/b8383a80-7a39-472f-89b8-4f0b6a53b266/resourceGroups/rg-pocapp2-prod-cus/providers/Microsoft.Network/virtualNetworks/vnet-pocapp2-prod-cus/subnets/snet-sqlmi]
module.networking_primary.azurerm_subnet.subnets["snet-sqlmi"]: Refreshing state... [id=/subscriptions/b8383a80-7a39-472f-89b8-4f0b6a53b266/resourceGroups/rg-pocapp2-prod-eus2/providers/Microsoft.Network/virtualNetworks/vnet-pocapp2-prod-eus2/subnets/snet-sqlmi]
module.networking_primary.azurerm_subnet.subnets["snet-apim"]: Refreshing state... [id=/subscriptions/b8383a80-7a39-472f-89b8-4f0b6a53b266/resourceGroups/rg-pocapp2-prod-eus2/providers/Microsoft.Network/virtualNetworks/vnet-pocapp2-prod-eus2/subnets/snet-apim]
module.networking_primary.azurerm_subnet.subnets["snet-functionapp"]: Refreshing state... [id=/subscriptions/b8383a80-7a39-472f-89b8-4f0b6a53b266/resourceGroups/rg-pocapp2-prod-eus2/providers/Microsoft.Network/virtualNetworks/vnet-pocapp2-prod-eus2/subnets/snet-functionapp]
module.networking_primary.azurerm_subnet.subnets["snet-appservice"]: Refreshing state... [id=/subscriptions/b8383a80-7a39-472f-89b8-4f0b6a53b266/resourceGroups/rg-pocapp2-prod-eus2/providers/Microsoft.Network/virtualNetworks/vnet-pocapp2-prod-eus2/subnets/snet-appservice]
module.networking_primary.azurerm_subnet.subnets["snet-privateendpoints"]: Refreshing state... [id=/subscriptions/b8383a80-7a39-472f-89b8-4f0b6a53b266/resourceGroups/rg-pocapp2-prod-eus2/providers/Microsoft.Network/virtualNetworks/vnet-pocapp2-prod-eus2/subnets/snet-privateendpoints]
module.networking_primary.azurerm_subnet.subnets["snet-redis"]: Refreshing state... [id=/subscriptions/b8383a80-7a39-472f-89b8-4f0b6a53b266/resourceGroups/rg-pocapp2-prod-eus2/providers/Microsoft.Network/virtualNetworks/vnet-pocapp2-prod-eus2/subnets/snet-redis]
module.front_door.azurerm_cdn_frontdoor_origin_group.groups["og-api"]: Refreshing state... [id=/subscriptions/b8383a80-7a39-472f-89b8-4f0b6a53b266/resourceGroups/rg-pocapp2-prod-eus2/providers/Microsoft.Cdn/profiles/fd-pocapp2-prod/originGroups/og-api]
module.front_door.azurerm_cdn_frontdoor_origin_group.groups["og-functions"]: Refreshing state... [id=/subscriptions/b8383a80-7a39-472f-89b8-4f0b6a53b266/resourceGroups/rg-pocapp2-prod-eus2/providers/Microsoft.Cdn/profiles/fd-pocapp2-prod/originGroups/og-functions]
module.front_door.azurerm_cdn_frontdoor_origin_group.groups["og-webapp"]: Refreshing state... [id=/subscriptions/b8383a80-7a39-472f-89b8-4f0b6a53b266/resourceGroups/rg-pocapp2-prod-eus2/providers/Microsoft.Cdn/profiles/fd-pocapp2-prod/originGroups/og-webapp]
module.front_door.azurerm_cdn_frontdoor_endpoint.endpoints["ep-api"]: Refreshing state... [id=/subscriptions/b8383a80-7a39-472f-89b8-4f0b6a53b266/resourceGroups/rg-pocapp2-prod-eus2/providers/Microsoft.Cdn/profiles/fd-pocapp2-prod/afdEndpoints/ep-api]
module.front_door.azurerm_cdn_frontdoor_endpoint.endpoints["ep-webapp"]: Refreshing state... [id=/subscriptions/b8383a80-7a39-472f-89b8-4f0b6a53b266/resourceGroups/rg-pocapp2-prod-eus2/providers/Microsoft.Cdn/profiles/fd-pocapp2-prod/afdEndpoints/ep-webapp]
module.networking_primary.azurerm_network_security_rule.deny_all_inbound["snet-redis"]: Refreshing state... [id=/subscriptions/b8383a80-7a39-472f-89b8-4f0b6a53b266/resourceGroups/rg-pocapp2-prod-eus2/providers/Microsoft.Network/networkSecurityGroups/nsg-snet-redis/securityRules/DenyAllInbound]
module.networking_primary.azurerm_network_security_rule.deny_all_inbound["snet-apim"]: Refreshing state... [id=/subscriptions/b8383a80-7a39-472f-89b8-4f0b6a53b266/resourceGroups/rg-pocapp2-prod-eus2/providers/Microsoft.Network/networkSecurityGroups/nsg-snet-apim/securityRules/DenyAllInbound]
module.networking_primary.azurerm_network_security_rule.deny_all_inbound["snet-functionapp"]: Refreshing state... [id=/subscriptions/b8383a80-7a39-472f-89b8-4f0b6a53b266/resourceGroups/rg-pocapp2-prod-eus2/providers/Microsoft.Network/networkSecurityGroups/nsg-snet-functionapp/securityRules/DenyAllInbound]
module.networking_primary.azurerm_network_security_rule.deny_all_inbound["snet-privateendpoints"]: Refreshing state... [id=/subscriptions/b8383a80-7a39-472f-89b8-4f0b6a53b266/resourceGroups/rg-pocapp2-prod-eus2/providers/Microsoft.Network/networkSecurityGroups/nsg-snet-privateendpoints/securityRules/DenyAllInbound]
module.networking_primary.azurerm_network_security_rule.deny_all_inbound["snet-sqlmi"]: Refreshing state... [id=/subscriptions/b8383a80-7a39-472f-89b8-4f0b6a53b266/resourceGroups/rg-pocapp2-prod-eus2/providers/Microsoft.Network/networkSecurityGroups/nsg-snet-sqlmi/securityRules/DenyAllInbound]
module.networking_primary.azurerm_network_security_rule.deny_all_inbound["snet-appservice"]: Refreshing state... [id=/subscriptions/b8383a80-7a39-472f-89b8-4f0b6a53b266/resourceGroups/rg-pocapp2-prod-eus2/providers/Microsoft.Network/networkSecurityGroups/nsg-snet-appservice/securityRules/DenyAllInbound]
module.app_service_primary.azurerm_monitor_autoscale_setting.this[0]: Refreshing state... [id=/subscriptions/b8383a80-7a39-472f-89b8-4f0b6a53b266/resourceGroups/rg-pocapp2-prod-eus2/providers/Microsoft.Insights/autoScaleSettings/autoscale-asp-pocapp2-prod-eus2]
module.networking_primary.azurerm_private_dns_zone_virtual_network_link.links["apim"]: Refreshing state... [id=/subscriptions/b8383a80-7a39-472f-89b8-4f0b6a53b266/resourceGroups/rg-pocapp2-prod-eus2/providers/Microsoft.Network/privateDnsZones/privatelink.azure-api.net/virtualNetworkLinks/link-vnet-pocapp2-prod-eus2-apim]
module.networking_primary.azurerm_private_dns_zone_virtual_network_link.links["queue"]: Refreshing state... [id=/subscriptions/b8383a80-7a39-472f-89b8-4f0b6a53b266/resourceGroups/rg-pocapp2-prod-eus2/providers/Microsoft.Network/privateDnsZones/privatelink.queue.core.windows.net/virtualNetworkLinks/link-vnet-pocapp2-prod-eus2-queue]
module.networking_primary.azurerm_private_dns_zone_virtual_network_link.links["keyvault"]: Refreshing state... [id=/subscriptions/b8383a80-7a39-472f-89b8-4f0b6a53b266/resourceGroups/rg-pocapp2-prod-eus2/providers/Microsoft.Network/privateDnsZones/privatelink.vaultcore.azure.net/virtualNetworkLinks/link-vnet-pocapp2-prod-eus2-keyvault]
module.networking_primary.azurerm_private_dns_zone_virtual_network_link.links["sql"]: Refreshing state... [id=/subscriptions/b8383a80-7a39-472f-89b8-4f0b6a53b266/resourceGroups/rg-pocapp2-prod-eus2/providers/Microsoft.Network/privateDnsZones/privatelink.database.windows.net/virtualNetworkLinks/link-vnet-pocapp2-prod-eus2-sql]
module.networking_primary.azurerm_private_dns_zone_virtual_network_link.links["webapp"]: Refreshing state... [id=/subscriptions/b8383a80-7a39-472f-89b8-4f0b6a53b266/resourceGroups/rg-pocapp2-prod-eus2/providers/Microsoft.Network/privateDnsZones/privatelink.azurewebsites.net/virtualNetworkLinks/link-vnet-pocapp2-prod-eus2-webapp]
module.networking_primary.azurerm_private_dns_zone_virtual_network_link.links["redis"]: Refreshing state... [id=/subscriptions/b8383a80-7a39-472f-89b8-4f0b6a53b266/resourceGroups/rg-pocapp2-prod-eus2/providers/Microsoft.Network/privateDnsZones/privatelink.redis.cache.windows.net/virtualNetworkLinks/link-vnet-pocapp2-prod-eus2-redis]
module.networking_primary.azurerm_private_dns_zone_virtual_network_link.links["file"]: Refreshing state... [id=/subscriptions/b8383a80-7a39-472f-89b8-4f0b6a53b266/resourceGroups/rg-pocapp2-prod-eus2/providers/Microsoft.Network/privateDnsZones/privatelink.file.core.windows.net/virtualNetworkLinks/link-vnet-pocapp2-prod-eus2-file]
module.networking_primary.azurerm_private_dns_zone_virtual_network_link.links["table"]: Refreshing state... [id=/subscriptions/b8383a80-7a39-472f-89b8-4f0b6a53b266/resourceGroups/rg-pocapp2-prod-eus2/providers/Microsoft.Network/privateDnsZones/privatelink.table.core.windows.net/virtualNetworkLinks/link-vnet-pocapp2-prod-eus2-table]
module.networking_primary.azurerm_private_dns_zone_virtual_network_link.links["blob"]: Refreshing state... [id=/subscriptions/b8383a80-7a39-472f-89b8-4f0b6a53b266/resourceGroups/rg-pocapp2-prod-eus2/providers/Microsoft.Network/privateDnsZones/privatelink.blob.core.windows.net/virtualNetworkLinks/link-vnet-pocapp2-prod-eus2-blob]
module.monitoring.azurerm_application_insights.this["primary"]: Refreshing state... [id=/subscriptions/b8383a80-7a39-472f-89b8-4f0b6a53b266/resourceGroups/rg-pocapp2-prod-eus2/providers/Microsoft.Insights/components/primary]
module.monitoring.azurerm_application_insights.this["secondary"]: Refreshing state... [id=/subscriptions/b8383a80-7a39-472f-89b8-4f0b6a53b266/resourceGroups/rg-pocapp2-prod-eus2/providers/Microsoft.Insights/components/secondary]
azurerm_virtual_network_peering.secondary_to_primary[0]: Refreshing state... [id=/subscriptions/b8383a80-7a39-472f-89b8-4f0b6a53b266/resourceGroups/rg-pocapp2-prod-cus/providers/Microsoft.Network/virtualNetworks/vnet-pocapp2-prod-cus/virtualNetworkPeerings/peer-cus-to-eus2]
azurerm_virtual_network_peering.primary_to_secondary[0]: Refreshing state... [id=/subscriptions/b8383a80-7a39-472f-89b8-4f0b6a53b266/resourceGroups/rg-pocapp2-prod-eus2/providers/Microsoft.Network/virtualNetworks/vnet-pocapp2-prod-eus2/virtualNetworkPeerings/peer-eus2-to-cus]
module.networking_primary.azurerm_subnet_network_security_group_association.subnets["snet-apim"]: Refreshing state... [id=/subscriptions/b8383a80-7a39-472f-89b8-4f0b6a53b266/resourceGroups/rg-pocapp2-prod-eus2/providers/Microsoft.Network/virtualNetworks/vnet-pocapp2-prod-eus2/subnets/snet-apim]
module.networking_primary.azurerm_subnet_network_security_group_association.subnets["snet-appservice"]: Refreshing state... [id=/subscriptions/b8383a80-7a39-472f-89b8-4f0b6a53b266/resourceGroups/rg-pocapp2-prod-eus2/providers/Microsoft.Network/virtualNetworks/vnet-pocapp2-prod-eus2/subnets/snet-appservice]
module.networking_primary.azurerm_subnet_network_security_group_association.subnets["snet-redis"]: Refreshing state... [id=/subscriptions/b8383a80-7a39-472f-89b8-4f0b6a53b266/resourceGroups/rg-pocapp2-prod-eus2/providers/Microsoft.Network/virtualNetworks/vnet-pocapp2-prod-eus2/subnets/snet-redis]
module.networking_primary.azurerm_subnet_network_security_group_association.subnets["snet-sqlmi"]: Refreshing state... [id=/subscriptions/b8383a80-7a39-472f-89b8-4f0b6a53b266/resourceGroups/rg-pocapp2-prod-eus2/providers/Microsoft.Network/virtualNetworks/vnet-pocapp2-prod-eus2/subnets/snet-sqlmi]
module.networking_primary.azurerm_subnet_network_security_group_association.subnets["snet-functionapp"]: Refreshing state... [id=/subscriptions/b8383a80-7a39-472f-89b8-4f0b6a53b266/resourceGroups/rg-pocapp2-prod-eus2/providers/Microsoft.Network/virtualNetworks/vnet-pocapp2-prod-eus2/subnets/snet-functionapp]
module.networking_primary.azurerm_subnet_network_security_group_association.subnets["snet-privateendpoints"]: Refreshing state... [id=/subscriptions/b8383a80-7a39-472f-89b8-4f0b6a53b266/resourceGroups/rg-pocapp2-prod-eus2/providers/Microsoft.Network/virtualNetworks/vnet-pocapp2-prod-eus2/subnets/snet-privateendpoints]
module.redis_primary.azurerm_monitor_diagnostic_setting.this[0]: Refreshing state... [id=/subscriptions/b8383a80-7a39-472f-89b8-4f0b6a53b266/resourceGroups/rg-pocapp2-prod-eus2/providers/Microsoft.Cache/redis/redis-pocapp2-prod-eus2|diag-redis-pocapp2-prod-eus2]
module.redis_primary.module.private_endpoint[0].azurerm_private_endpoint.this: Refreshing state... [id=/subscriptions/b8383a80-7a39-472f-89b8-4f0b6a53b266/resourceGroups/rg-pocapp2-prod-eus2/providers/Microsoft.Network/privateEndpoints/pe-redis-pocapp2-prod-eus2]
module.storage_secondary[0].module.table_private_endpoint[0].azurerm_private_endpoint.this: Refreshing state... [id=/subscriptions/b8383a80-7a39-472f-89b8-4f0b6a53b266/resourceGroups/rg-pocapp2-prod-cus/providers/Microsoft.Network/privateEndpoints/pe-stpocapp2prodcus-table]
module.storage_secondary[0].module.blob_private_endpoint[0].azurerm_private_endpoint.this: Refreshing state... [id=/subscriptions/b8383a80-7a39-472f-89b8-4f0b6a53b266/resourceGroups/rg-pocapp2-prod-cus/providers/Microsoft.Network/privateEndpoints/pe-stpocapp2prodcus-blob]
module.storage_secondary[0].azurerm_monitor_diagnostic_setting.blob[0]: Refreshing state... [id=/subscriptions/b8383a80-7a39-472f-89b8-4f0b6a53b266/resourceGroups/rg-pocapp2-prod-cus/providers/Microsoft.Storage/storageAccounts/stpocapp2prodcus/blobServices/default|diag-stpocapp2prodcus-blob]
module.storage_secondary[0].azurerm_role_assignment.deployer_blob_contributor[0]: Refreshing state... [id=/subscriptions/b8383a80-7a39-472f-89b8-4f0b6a53b266/resourceGroups/rg-pocapp2-prod-cus/providers/Microsoft.Storage/storageAccounts/stpocapp2prodcus/providers/Microsoft.Authorization/roleAssignments/79f3da9f-6b37-e0ef-1ce7-bea894894a03]
module.storage_secondary[0].module.file_private_endpoint[0].azurerm_private_endpoint.this: Refreshing state... [id=/subscriptions/b8383a80-7a39-472f-89b8-4f0b6a53b266/resourceGroups/rg-pocapp2-prod-cus/providers/Microsoft.Network/privateEndpoints/pe-stpocapp2prodcus-file]
module.storage_secondary[0].module.queue_private_endpoint[0].azurerm_private_endpoint.this: Refreshing state... [id=/subscriptions/b8383a80-7a39-472f-89b8-4f0b6a53b266/resourceGroups/rg-pocapp2-prod-cus/providers/Microsoft.Network/privateEndpoints/pe-stpocapp2prodcus-queue]
module.key_vault_primary.azurerm_role_assignment.deployer_secrets_officer: Refreshing state... [id=/subscriptions/b8383a80-7a39-472f-89b8-4f0b6a53b266/resourceGroups/rg-pocapp2-prod-eus2/providers/Microsoft.KeyVault/vaults/kv-pocapp2-prod-eus2/providers/Microsoft.Authorization/roleAssignments/be98971c-71c2-e57e-bb49-3e97b0a0aee5]
module.key_vault_primary.azurerm_monitor_diagnostic_setting.this[0]: Refreshing state... [id=/subscriptions/b8383a80-7a39-472f-89b8-4f0b6a53b266/resourceGroups/rg-pocapp2-prod-eus2/providers/Microsoft.KeyVault/vaults/kv-pocapp2-prod-eus2|diag-kv-pocapp2-prod-eus2]
module.key_vault_primary.azurerm_role_assignment.deployer_crypto_officer: Refreshing state... [id=/subscriptions/b8383a80-7a39-472f-89b8-4f0b6a53b266/resourceGroups/rg-pocapp2-prod-eus2/providers/Microsoft.KeyVault/vaults/kv-pocapp2-prod-eus2/providers/Microsoft.Authorization/roleAssignments/cf4dcb5f-7e80-1658-4caa-d1766db85bca]
module.key_vault_primary.module.private_endpoint[0].azurerm_private_endpoint.this: Refreshing state... [id=/subscriptions/b8383a80-7a39-472f-89b8-4f0b6a53b266/resourceGroups/rg-pocapp2-prod-eus2/providers/Microsoft.Network/privateEndpoints/pe-kv-pocapp2-prod-eus2]
module.key_vault_secondary.azurerm_role_assignment.deployer_secrets_officer: Refreshing state... [id=/subscriptions/b8383a80-7a39-472f-89b8-4f0b6a53b266/resourceGroups/rg-pocapp2-prod-cus/providers/Microsoft.KeyVault/vaults/kv-pocapp2-prod-cus/providers/Microsoft.Authorization/roleAssignments/f327c83f-e381-6f85-415a-ea062d3266f0]
module.key_vault_secondary.azurerm_role_assignment.deployer_crypto_officer: Refreshing state... [id=/subscriptions/b8383a80-7a39-472f-89b8-4f0b6a53b266/resourceGroups/rg-pocapp2-prod-cus/providers/Microsoft.KeyVault/vaults/kv-pocapp2-prod-cus/providers/Microsoft.Authorization/roleAssignments/caf29ab9-b618-a896-6621-63b42bc0ea74]
module.key_vault_secondary.azurerm_monitor_diagnostic_setting.this[0]: Refreshing state... [id=/subscriptions/b8383a80-7a39-472f-89b8-4f0b6a53b266/resourceGroups/rg-pocapp2-prod-cus/providers/Microsoft.KeyVault/vaults/kv-pocapp2-prod-cus|diag-kv-pocapp2-prod-cus]
module.key_vault_secondary.module.private_endpoint[0].azurerm_private_endpoint.this: Refreshing state... [id=/subscriptions/b8383a80-7a39-472f-89b8-4f0b6a53b266/resourceGroups/rg-pocapp2-prod-cus/providers/Microsoft.Network/privateEndpoints/pe-kv-pocapp2-prod-cus]
module.storage_primary[0].azurerm_role_assignment.deployer_blob_contributor[0]: Refreshing state... [id=/subscriptions/b8383a80-7a39-472f-89b8-4f0b6a53b266/resourceGroups/rg-pocapp2-prod-eus2/providers/Microsoft.Storage/storageAccounts/stpocapp2prodeus2/providers/Microsoft.Authorization/roleAssignments/76f7c6fa-0e4e-d99e-b33d-a454f27c230a]
module.storage_primary[0].azurerm_monitor_diagnostic_setting.blob[0]: Refreshing state... [id=/subscriptions/b8383a80-7a39-472f-89b8-4f0b6a53b266/resourceGroups/rg-pocapp2-prod-eus2/providers/Microsoft.Storage/storageAccounts/stpocapp2prodeus2/blobServices/default|diag-stpocapp2prodeus2-blob]
module.storage_primary[0].module.queue_private_endpoint[0].azurerm_private_endpoint.this: Refreshing state... [id=/subscriptions/b8383a80-7a39-472f-89b8-4f0b6a53b266/resourceGroups/rg-pocapp2-prod-eus2/providers/Microsoft.Network/privateEndpoints/pe-stpocapp2prodeus2-queue]
module.storage_primary[0].module.file_private_endpoint[0].azurerm_private_endpoint.this: Refreshing state... [id=/subscriptions/b8383a80-7a39-472f-89b8-4f0b6a53b266/resourceGroups/rg-pocapp2-prod-eus2/providers/Microsoft.Network/privateEndpoints/pe-stpocapp2prodeus2-file]
module.storage_primary[0].module.blob_private_endpoint[0].azurerm_private_endpoint.this: Refreshing state... [id=/subscriptions/b8383a80-7a39-472f-89b8-4f0b6a53b266/resourceGroups/rg-pocapp2-prod-eus2/providers/Microsoft.Network/privateEndpoints/pe-stpocapp2prodeus2-blob]
module.storage_primary[0].module.table_private_endpoint[0].azurerm_private_endpoint.this: Refreshing state... [id=/subscriptions/b8383a80-7a39-472f-89b8-4f0b6a53b266/resourceGroups/rg-pocapp2-prod-eus2/providers/Microsoft.Network/privateEndpoints/pe-stpocapp2prodeus2-table]
module.app_service_primary.azurerm_windows_web_app.this[0]: Refreshing state... [id=/subscriptions/b8383a80-7a39-472f-89b8-4f0b6a53b266/resourceGroups/rg-pocapp2-prod-eus2/providers/Microsoft.Web/sites/app-pocapp2-prod-eus2]
module.app_service_secondary.azurerm_windows_web_app.this[0]: Refreshing state... [id=/subscriptions/b8383a80-7a39-472f-89b8-4f0b6a53b266/resourceGroups/rg-pocapp2-prod-cus/providers/Microsoft.Web/sites/app-pocapp2-prod-cus]
azurerm_role_assignment.app_primary_kv_primary: Refreshing state... [id=/subscriptions/b8383a80-7a39-472f-89b8-4f0b6a53b266/resourceGroups/rg-pocapp2-prod-eus2/providers/Microsoft.KeyVault/vaults/kv-pocapp2-prod-eus2/providers/Microsoft.Authorization/roleAssignments/00d20978-ecc3-c0cf-94b3-a3e34288a779]
azurerm_role_assignment.app_primary_storage[0]: Refreshing state... [id=/subscriptions/b8383a80-7a39-472f-89b8-4f0b6a53b266/resourceGroups/rg-pocapp2-prod-eus2/providers/Microsoft.Storage/storageAccounts/stpocapp2prodeus2/providers/Microsoft.Authorization/roleAssignments/55b9e477-c576-f881-1387-53a0ef2f9adf]
module.app_service_primary.azurerm_private_endpoint.this[0]: Refreshing state... [id=/subscriptions/b8383a80-7a39-472f-89b8-4f0b6a53b266/resourceGroups/rg-pocapp2-prod-eus2/providers/Microsoft.Network/privateEndpoints/pe-app-pocapp2-prod-eus2]
module.app_service_primary.azurerm_windows_web_app_slot.slots["staging"]: Refreshing state... [id=/subscriptions/b8383a80-7a39-472f-89b8-4f0b6a53b266/resourceGroups/rg-pocapp2-prod-eus2/providers/Microsoft.Web/sites/app-pocapp2-prod-eus2/slots/staging]
azurerm_role_assignment.app_secondary_storage[0]: Refreshing state... [id=/subscriptions/b8383a80-7a39-472f-89b8-4f0b6a53b266/resourceGroups/rg-pocapp2-prod-cus/providers/Microsoft.Storage/storageAccounts/stpocapp2prodcus/providers/Microsoft.Authorization/roleAssignments/3edea84d-e820-7f9e-a8ff-b7c8ee7dd406]
azurerm_role_assignment.app_secondary_kv_secondary: Refreshing state... [id=/subscriptions/b8383a80-7a39-472f-89b8-4f0b6a53b266/resourceGroups/rg-pocapp2-prod-cus/providers/Microsoft.KeyVault/vaults/kv-pocapp2-prod-cus/providers/Microsoft.Authorization/roleAssignments/b1510c07-5200-38b7-9bcc-c1d123b5c425]
module.app_service_secondary.azurerm_private_endpoint.this[0]: Refreshing state... [id=/subscriptions/b8383a80-7a39-472f-89b8-4f0b6a53b266/resourceGroups/rg-pocapp2-prod-cus/providers/Microsoft.Network/privateEndpoints/pe-app-pocapp2-prod-cus]
module.app_service_secondary.azurerm_windows_web_app_slot.slots["staging"]: Refreshing state... [id=/subscriptions/b8383a80-7a39-472f-89b8-4f0b6a53b266/resourceGroups/rg-pocapp2-prod-cus/providers/Microsoft.Web/sites/app-pocapp2-prod-cus/slots/staging]

Terraform used the selected providers to generate the following execution
plan. Resource actions are indicated with the following symbols:
  + create
  ~ update in-place
  - destroy
 <= read (data resources)

Terraform will perform the following actions:

  # azurerm_role_assignment.func_primary_kv_primary[0] will be created
  + resource "azurerm_role_assignment" "func_primary_kv_primary" {
      + id                               = (known after apply)
      + name                             = (known after apply)
      + principal_id                     = (known after apply)
      + principal_type                   = (known after apply)
      + role_definition_id               = (known after apply)
      + role_definition_name             = "Key Vault Secrets User"
      + scope                            = "/subscriptions/b8383a80-7a39-472f-89b8-4f0b6a53b266/resourceGroups/rg-pocapp2-prod-eus2/providers/Microsoft.KeyVault/vaults/kv-pocapp2-prod-eus2"
      + skip_service_principal_aad_check = (known after apply)
    }

  # azurerm_role_assignment.func_primary_storage[0] will be created
  + resource "azurerm_role_assignment" "func_primary_storage" {
      + id                               = (known after apply)
      + name                             = (known after apply)
      + principal_id                     = (known after apply)
      + principal_type                   = (known after apply)
      + role_definition_id               = (known after apply)
      + role_definition_name             = "Storage Blob Data Contributor"
      + scope                            = "/subscriptions/b8383a80-7a39-472f-89b8-4f0b6a53b266/resourceGroups/rg-pocapp2-prod-eus2/providers/Microsoft.Storage/storageAccounts/stpocapp2prodeus2"
      + skip_service_principal_aad_check = (known after apply)
    }

  # azurerm_role_assignment.func_primary_storage_queue[0] will be created
  + resource "azurerm_role_assignment" "func_primary_storage_queue" {
      + id                               = (known after apply)
      + name                             = (known after apply)
      + principal_id                     = (known after apply)
      + principal_type                   = (known after apply)
      + role_definition_id               = (known after apply)
      + role_definition_name             = "Storage Queue Data Contributor"
      + scope                            = "/subscriptions/b8383a80-7a39-472f-89b8-4f0b6a53b266/resourceGroups/rg-pocapp2-prod-eus2/providers/Microsoft.Storage/storageAccounts/stpocapp2prodeus2"
      + skip_service_principal_aad_check = (known after apply)
    }

  # azurerm_role_assignment.func_primary_storage_table[0] will be created
  + resource "azurerm_role_assignment" "func_primary_storage_table" {
      + id                               = (known after apply)
      + name                             = (known after apply)
      + principal_id                     = (known after apply)
      + principal_type                   = (known after apply)
      + role_definition_id               = (known after apply)
      + role_definition_name             = "Storage Table Data Contributor"
      + scope                            = "/subscriptions/b8383a80-7a39-472f-89b8-4f0b6a53b266/resourceGroups/rg-pocapp2-prod-eus2/providers/Microsoft.Storage/storageAccounts/stpocapp2prodeus2"
      + skip_service_principal_aad_check = (known after apply)
    }

  # azurerm_role_assignment.func_secondary_kv_secondary[0] will be created
  + resource "azurerm_role_assignment" "func_secondary_kv_secondary" {
      + id                               = (known after apply)
      + name                             = (known after apply)
      + principal_id                     = (known after apply)
      + principal_type                   = (known after apply)
      + role_definition_id               = (known after apply)
      + role_definition_name             = "Key Vault Secrets User"
      + scope                            = "/subscriptions/b8383a80-7a39-472f-89b8-4f0b6a53b266/resourceGroups/rg-pocapp2-prod-cus/providers/Microsoft.KeyVault/vaults/kv-pocapp2-prod-cus"
      + skip_service_principal_aad_check = (known after apply)
    }

  # azurerm_role_assignment.func_secondary_storage[0] will be created
  + resource "azurerm_role_assignment" "func_secondary_storage" {
      + id                               = (known after apply)
      + name                             = (known after apply)
      + principal_id                     = (known after apply)
      + principal_type                   = (known after apply)
      + role_definition_id               = (known after apply)
      + role_definition_name             = "Storage Blob Data Contributor"
      + scope                            = "/subscriptions/b8383a80-7a39-472f-89b8-4f0b6a53b266/resourceGroups/rg-pocapp2-prod-cus/providers/Microsoft.Storage/storageAccounts/stpocapp2prodcus"
      + skip_service_principal_aad_check = (known after apply)
    }

  # azurerm_role_assignment.func_secondary_storage_queue[0] will be created
  + resource "azurerm_role_assignment" "func_secondary_storage_queue" {
      + id                               = (known after apply)
      + name                             = (known after apply)
      + principal_id                     = (known after apply)
      + principal_type                   = (known after apply)
      + role_definition_id               = (known after apply)
      + role_definition_name             = "Storage Queue Data Contributor"
      + scope                            = "/subscriptions/b8383a80-7a39-472f-89b8-4f0b6a53b266/resourceGroups/rg-pocapp2-prod-cus/providers/Microsoft.Storage/storageAccounts/stpocapp2prodcus"
      + skip_service_principal_aad_check = (known after apply)
    }

  # azurerm_role_assignment.func_secondary_storage_table[0] will be created
  + resource "azurerm_role_assignment" "func_secondary_storage_table" {
      + id                               = (known after apply)
      + name                             = (known after apply)
      + principal_id                     = (known after apply)
      + principal_type                   = (known after apply)
      + role_definition_id               = (known after apply)
      + role_definition_name             = "Storage Table Data Contributor"
      + scope                            = "/subscriptions/b8383a80-7a39-472f-89b8-4f0b6a53b266/resourceGroups/rg-pocapp2-prod-cus/providers/Microsoft.Storage/storageAccounts/stpocapp2prodcus"
      + skip_service_principal_aad_check = (known after apply)
    }

  # module.app_service_primary.azurerm_monitor_autoscale_setting.this[0] will be updated in-place
  ~ resource "azurerm_monitor_autoscale_setting" "this" {
        id                  = "/subscriptions/b8383a80-7a39-472f-89b8-4f0b6a53b266/resourceGroups/rg-pocapp2-prod-eus2/providers/Microsoft.Insights/autoScaleSettings/autoscale-asp-pocapp2-prod-eus2"
        name                = "autoscale-asp-pocapp2-prod-eus2"
      ~ tags                = {
          - "Application" = "POC Application - Enterprise Grade"
          - "CostCenter"  = "IT-Infrastructure"
          - "CreatedDate" = "2026-02-02T13:16:23Z"
          - "Criticality" = "High"
          - "Environment" = "prod"
          - "ManagedBy"   = "Terraform"
          - "Owner"       = "Platform Team"
          - "Project"     = "pocapp2"
        } -> (known after apply)
        # (4 unchanged attributes hidden)

        # (1 unchanged block hidden)
    }

  # module.app_service_primary.azurerm_private_endpoint.this[0] will be updated in-place
  ~ resource "azurerm_private_endpoint" "this" {
        id                            = "/subscriptions/b8383a80-7a39-472f-89b8-4f0b6a53b266/resourceGroups/rg-pocapp2-prod-eus2/providers/Microsoft.Network/privateEndpoints/pe-app-pocapp2-prod-eus2"
        name                          = "pe-app-pocapp2-prod-eus2"
      ~ tags                          = {
          - "Application" = "POC Application - Enterprise Grade"
          - "CostCenter"  = "IT-Infrastructure"
          - "CreatedDate" = "2026-02-02T13:16:23Z"
          - "Criticality" = "High"
          - "Environment" = "prod"
          - "ManagedBy"   = "Terraform"
          - "Owner"       = "Platform Team"
          - "Project"     = "pocapp2"
        } -> (known after apply)
        # (7 unchanged attributes hidden)

        # (2 unchanged blocks hidden)
    }

  # module.app_service_primary.azurerm_service_plan.this will be updated in-place
  ~ resource "azurerm_service_plan" "this" {
        id                           = "/subscriptions/b8383a80-7a39-472f-89b8-4f0b6a53b266/resourceGroups/rg-pocapp2-prod-eus2/providers/Microsoft.Web/serverFarms/asp-pocapp2-prod-eus2"
        name                         = "asp-pocapp2-prod-eus2"
      ~ tags                         = {
          - "Application" = "POC Application - Enterprise Grade"
          - "CostCenter"  = "IT-Infrastructure"
          - "CreatedDate" = "2026-02-02T13:16:23Z"
          - "Criticality" = "High"
          - "Environment" = "prod"
          - "ManagedBy"   = "Terraform"
          - "Owner"       = "Platform Team"
          - "Project"     = "pocapp2"
        } -> (known after apply)
        # (11 unchanged attributes hidden)
    }

  # module.app_service_primary.azurerm_windows_web_app.this[0] will be updated in-place
  ~ resource "azurerm_windows_web_app" "this" {
      ~ ftp_publish_basic_authentication_enabled       = false -> true
        id                                             = "/subscriptions/b8383a80-7a39-472f-89b8-4f0b6a53b266/resourceGroups/rg-pocapp2-prod-eus2/providers/Microsoft.Web/sites/app-pocapp2-prod-eus2"
        name                                           = "app-pocapp2-prod-eus2"
      ~ tags                                           = {
          - "Application" = "POC Application - Enterprise Grade"
          - "CostCenter"  = "IT-Infrastructure"
          - "CreatedDate" = "2026-02-02T13:16:23Z"
          - "Criticality" = "High"
          - "Environment" = "prod"
          - "ManagedBy"   = "Terraform"
          - "Owner"       = "Platform Team"
          - "Project"     = "pocapp2"
        } -> (known after apply)
      ~ webdeploy_publish_basic_authentication_enabled = false -> true
        # (23 unchanged attributes hidden)

        # (2 unchanged blocks hidden)
    }

  # module.app_service_primary.azurerm_windows_web_app_slot.slots["staging"] will be updated in-place
  ~ resource "azurerm_windows_web_app_slot" "slots" {
      ~ ftp_publish_basic_authentication_enabled       = false -> true
        id                                             = "/subscriptions/b8383a80-7a39-472f-89b8-4f0b6a53b266/resourceGroups/rg-pocapp2-prod-eus2/providers/Microsoft.Web/sites/app-pocapp2-prod-eus2/slots/staging"
        name                                           = "staging"
      ~ tags                                           = {
          - "Application" = "POC Application - Enterprise Grade"
          - "CostCenter"  = "IT-Infrastructure"
          - "CreatedDate" = "2026-02-02T13:16:23Z"
          - "Criticality" = "High"
          - "Environment" = "prod"
          - "ManagedBy"   = "Terraform"
          - "Owner"       = "Platform Team"
          - "Project"     = "pocapp2"
        } -> (known after apply)
      ~ webdeploy_publish_basic_authentication_enabled = false -> true
        # (22 unchanged attributes hidden)

        # (2 unchanged blocks hidden)
    }

  # module.app_service_secondary.azurerm_monitor_autoscale_setting.this[0] will be updated in-place
  ~ resource "azurerm_monitor_autoscale_setting" "this" {
        id                  = "/subscriptions/b8383a80-7a39-472f-89b8-4f0b6a53b266/resourceGroups/rg-pocapp2-prod-cus/providers/Microsoft.Insights/autoScaleSettings/autoscale-asp-pocapp2-prod-cus"
        name                = "autoscale-asp-pocapp2-prod-cus"
      ~ tags                = {
          - "Application" = "POC Application - Enterprise Grade"
          - "CostCenter"  = "IT-Infrastructure"
          - "CreatedDate" = "2026-02-02T13:16:23Z"
          - "Criticality" = "High"
          - "Environment" = "prod"
          - "ManagedBy"   = "Terraform"
          - "Owner"       = "Platform Team"
          - "Project"     = "pocapp2"
        } -> (known after apply)
        # (4 unchanged attributes hidden)

        # (1 unchanged block hidden)
    }

  # module.app_service_secondary.azurerm_private_endpoint.this[0] will be updated in-place
  ~ resource "azurerm_private_endpoint" "this" {
        id                            = "/subscriptions/b8383a80-7a39-472f-89b8-4f0b6a53b266/resourceGroups/rg-pocapp2-prod-cus/providers/Microsoft.Network/privateEndpoints/pe-app-pocapp2-prod-cus"
        name                          = "pe-app-pocapp2-prod-cus"
      ~ tags                          = {
          - "Application" = "POC Application - Enterprise Grade"
          - "CostCenter"  = "IT-Infrastructure"
          - "CreatedDate" = "2026-02-02T13:16:23Z"
          - "Criticality" = "High"
          - "Environment" = "prod"
          - "ManagedBy"   = "Terraform"
          - "Owner"       = "Platform Team"
          - "Project"     = "pocapp2"
        } -> (known after apply)
        # (7 unchanged attributes hidden)

        # (2 unchanged blocks hidden)
    }

  # module.app_service_secondary.azurerm_service_plan.this will be updated in-place
  ~ resource "azurerm_service_plan" "this" {
        id                           = "/subscriptions/b8383a80-7a39-472f-89b8-4f0b6a53b266/resourceGroups/rg-pocapp2-prod-cus/providers/Microsoft.Web/serverFarms/asp-pocapp2-prod-cus"
        name                         = "asp-pocapp2-prod-cus"
      ~ tags                         = {
          - "Application" = "POC Application - Enterprise Grade"
          - "CostCenter"  = "IT-Infrastructure"
          - "CreatedDate" = "2026-02-02T13:16:23Z"
          - "Criticality" = "High"
          - "Environment" = "prod"
          - "ManagedBy"   = "Terraform"
          - "Owner"       = "Platform Team"
          - "Project"     = "pocapp2"
        } -> (known after apply)
        # (11 unchanged attributes hidden)
    }

  # module.app_service_secondary.azurerm_windows_web_app.this[0] will be updated in-place
  ~ resource "azurerm_windows_web_app" "this" {
      ~ ftp_publish_basic_authentication_enabled       = false -> true
        id                                             = "/subscriptions/b8383a80-7a39-472f-89b8-4f0b6a53b266/resourceGroups/rg-pocapp2-prod-cus/providers/Microsoft.Web/sites/app-pocapp2-prod-cus"
        name                                           = "app-pocapp2-prod-cus"
      ~ tags                                           = {
          - "Application" = "POC Application - Enterprise Grade"
          - "CostCenter"  = "IT-Infrastructure"
          - "CreatedDate" = "2026-02-02T13:16:23Z"
          - "Criticality" = "High"
          - "Environment" = "prod"
          - "ManagedBy"   = "Terraform"
          - "Owner"       = "Platform Team"
          - "Project"     = "pocapp2"
        } -> (known after apply)
      ~ webdeploy_publish_basic_authentication_enabled = false -> true
        # (23 unchanged attributes hidden)

        # (2 unchanged blocks hidden)
    }

  # module.app_service_secondary.azurerm_windows_web_app_slot.slots["staging"] will be updated in-place
  ~ resource "azurerm_windows_web_app_slot" "slots" {
      ~ ftp_publish_basic_authentication_enabled       = false -> true
        id                                             = "/subscriptions/b8383a80-7a39-472f-89b8-4f0b6a53b266/resourceGroups/rg-pocapp2-prod-cus/providers/Microsoft.Web/sites/app-pocapp2-prod-cus/slots/staging"
        name                                           = "staging"
      ~ tags                                           = {
          - "Application" = "POC Application - Enterprise Grade"
          - "CostCenter"  = "IT-Infrastructure"
          - "CreatedDate" = "2026-02-02T13:16:23Z"
          - "Criticality" = "High"
          - "Environment" = "prod"
          - "ManagedBy"   = "Terraform"
          - "Owner"       = "Platform Team"
          - "Project"     = "pocapp2"
        } -> (known after apply)
      ~ webdeploy_publish_basic_authentication_enabled = false -> true
        # (22 unchanged attributes hidden)

        # (2 unchanged blocks hidden)
    }

  # module.front_door.azurerm_cdn_frontdoor_endpoint.endpoints["ep-api"] will be updated in-place
  ~ resource "azurerm_cdn_frontdoor_endpoint" "endpoints" {
        id                       = "/subscriptions/b8383a80-7a39-472f-89b8-4f0b6a53b266/resourceGroups/rg-pocapp2-prod-eus2/providers/Microsoft.Cdn/profiles/fd-pocapp2-prod/afdEndpoints/ep-api"
        name                     = "ep-api"
      ~ tags                     = {
          - "Application" = "POC Application - Enterprise Grade"
          - "CostCenter"  = "IT-Infrastructure"
          - "CreatedDate" = "2026-02-02T13:16:23Z"
          - "Criticality" = "High"
          - "Environment" = "prod"
          - "ManagedBy"   = "Terraform"
          - "Owner"       = "Platform Team"
          - "Project"     = "pocapp2"
        } -> (known after apply)
        # (3 unchanged attributes hidden)
    }

  # module.front_door.azurerm_cdn_frontdoor_endpoint.endpoints["ep-webapp"] will be updated in-place
  ~ resource "azurerm_cdn_frontdoor_endpoint" "endpoints" {
        id                       = "/subscriptions/b8383a80-7a39-472f-89b8-4f0b6a53b266/resourceGroups/rg-pocapp2-prod-eus2/providers/Microsoft.Cdn/profiles/fd-pocapp2-prod/afdEndpoints/ep-webapp"
        name                     = "ep-webapp"
      ~ tags                     = {
          - "Application" = "POC Application - Enterprise Grade"
          - "CostCenter"  = "IT-Infrastructure"
          - "CreatedDate" = "2026-02-02T13:16:23Z"
          - "Criticality" = "High"
          - "Environment" = "prod"
          - "ManagedBy"   = "Terraform"
          - "Owner"       = "Platform Team"
          - "Project"     = "pocapp2"
        } -> (known after apply)
        # (3 unchanged attributes hidden)
    }

  # module.front_door.azurerm_cdn_frontdoor_firewall_policy.this[0] will be updated in-place
  ~ resource "azurerm_cdn_frontdoor_firewall_policy" "this" {
        id                                = "/subscriptions/b8383a80-7a39-472f-89b8-4f0b6a53b266/resourceGroups/rg-pocapp2-prod-eus2/providers/Microsoft.Network/frontDoorWebApplicationFirewallPolicies/wafpocappprodglobal"
        name                              = "wafpocappprodglobal"
      ~ tags                              = {
          - "Application" = "POC Application - Enterprise Grade"
          - "CostCenter"  = "IT-Infrastructure"
          - "CreatedDate" = "2026-02-02T13:16:23Z"
          - "Criticality" = "High"
          - "Environment" = "prod"
          - "ManagedBy"   = "Terraform"
          - "Owner"       = "Platform Team"
          - "Project"     = "pocapp2"
        } -> (known after apply)
        # (9 unchanged attributes hidden)

        # (2 unchanged blocks hidden)
    }

  # module.front_door.azurerm_cdn_frontdoor_origin.origins["origin-func-primary"] will be created
  + resource "azurerm_cdn_frontdoor_origin" "origins" {
      + cdn_frontdoor_origin_group_id  = "/subscriptions/b8383a80-7a39-472f-89b8-4f0b6a53b266/resourceGroups/rg-pocapp2-prod-eus2/providers/Microsoft.Cdn/profiles/fd-pocapp2-prod/originGroups/og-functions"
      + certificate_name_check_enabled = true
      + enabled                        = true
      + health_probes_enabled          = (known after apply)
      + host_name                      = (known after apply)
      + http_port                      = 80
      + https_port                     = 443
      + id                             = (known after apply)
      + name                           = "origin-func-primary"
      + origin_host_header             = (known after apply)
      + priority                       = 1
      + weight                         = 50

      + private_link {
          + location               = "eastus2"
          + private_link_target_id = (known after apply)
          + request_message        = "Front Door Private Link"
          + target_type            = "sites"
        }
    }

  # module.front_door.azurerm_cdn_frontdoor_origin.origins["origin-func-secondary"] will be created
  + resource "azurerm_cdn_frontdoor_origin" "origins" {
      + cdn_frontdoor_origin_group_id  = "/subscriptions/b8383a80-7a39-472f-89b8-4f0b6a53b266/resourceGroups/rg-pocapp2-prod-eus2/providers/Microsoft.Cdn/profiles/fd-pocapp2-prod/originGroups/og-functions"
      + certificate_name_check_enabled = true
      + enabled                        = true
      + health_probes_enabled          = (known after apply)
      + host_name                      = (known after apply)
      + http_port                      = 80
      + https_port                     = 443
      + id                             = (known after apply)
      + name                           = "origin-func-secondary"
      + origin_host_header             = (known after apply)
      + priority                       = 1
      + weight                         = 50

      + private_link {
          + location               = "centralus"
          + private_link_target_id = (known after apply)
          + request_message        = "Front Door Private Link"
          + target_type            = "sites"
        }
    }

  # module.front_door.azurerm_cdn_frontdoor_origin.origins["origin-webapp-primary"] will be created
  + resource "azurerm_cdn_frontdoor_origin" "origins" {
      + cdn_frontdoor_origin_group_id  = "/subscriptions/b8383a80-7a39-472f-89b8-4f0b6a53b266/resourceGroups/rg-pocapp2-prod-eus2/providers/Microsoft.Cdn/profiles/fd-pocapp2-prod/originGroups/og-webapp"
      + certificate_name_check_enabled = true
      + enabled                        = true
      + health_probes_enabled          = (known after apply)
      + host_name                      = "app-pocapp2-prod-eus2.azurewebsites.net"
      + http_port                      = 80
      + https_port                     = 443
      + id                             = (known after apply)
      + name                           = "origin-webapp-primary"
      + origin_host_header             = "app-pocapp2-prod-eus2.azurewebsites.net"
      + priority                       = 1
      + weight                         = 50

      + private_link {
          + location               = "eastus2"
          + private_link_target_id = "/subscriptions/b8383a80-7a39-472f-89b8-4f0b6a53b266/resourceGroups/rg-pocapp2-prod-eus2/providers/Microsoft.Web/sites/app-pocapp2-prod-eus2"
          + request_message        = "Front Door Private Link"
          + target_type            = "sites"
        }
    }

  # module.front_door.azurerm_cdn_frontdoor_origin.origins["origin-webapp-secondary"] will be created
  + resource "azurerm_cdn_frontdoor_origin" "origins" {
      + cdn_frontdoor_origin_group_id  = "/subscriptions/b8383a80-7a39-472f-89b8-4f0b6a53b266/resourceGroups/rg-pocapp2-prod-eus2/providers/Microsoft.Cdn/profiles/fd-pocapp2-prod/originGroups/og-webapp"
      + certificate_name_check_enabled = true
      + enabled                        = true
      + health_probes_enabled          = (known after apply)
      + host_name                      = "app-pocapp2-prod-cus.azurewebsites.net"
      + http_port                      = 80
      + https_port                     = 443
      + id                             = (known after apply)
      + name                           = "origin-webapp-secondary"
      + origin_host_header             = "app-pocapp2-prod-cus.azurewebsites.net"
      + priority                       = 1
      + weight                         = 50

      + private_link {
          + location               = "centralus"
          + private_link_target_id = "/subscriptions/b8383a80-7a39-472f-89b8-4f0b6a53b266/resourceGroups/rg-pocapp2-prod-cus/providers/Microsoft.Web/sites/app-pocapp2-prod-cus"
          + request_message        = "Front Door Private Link"
          + target_type            = "sites"
        }
    }

  # module.front_door.azurerm_cdn_frontdoor_profile.this will be updated in-place
  ~ resource "azurerm_cdn_frontdoor_profile" "this" {
        id                       = "/subscriptions/b8383a80-7a39-472f-89b8-4f0b6a53b266/resourceGroups/rg-pocapp2-prod-eus2/providers/Microsoft.Cdn/profiles/fd-pocapp2-prod"
        name                     = "fd-pocapp2-prod"
      ~ tags                     = {
          - "Application" = "POC Application - Enterprise Grade"
          - "CostCenter"  = "IT-Infrastructure"
          - "CreatedDate" = "2026-02-02T13:16:23Z"
          - "Criticality" = "High"
          - "Environment" = "prod"
          - "ManagedBy"   = "Terraform"
          - "Owner"       = "Platform Team"
          - "Project"     = "pocapp2"
        } -> (known after apply)
        # (4 unchanged attributes hidden)
    }

  # module.front_door.azurerm_cdn_frontdoor_route.routes["route-webapp"] will be created
  + resource "azurerm_cdn_frontdoor_route" "routes" {
      + cdn_frontdoor_endpoint_id     = "/subscriptions/b8383a80-7a39-472f-89b8-4f0b6a53b266/resourceGroups/rg-pocapp2-prod-eus2/providers/Microsoft.Cdn/profiles/fd-pocapp2-prod/afdEndpoints/ep-webapp"
      + cdn_frontdoor_origin_group_id = "/subscriptions/b8383a80-7a39-472f-89b8-4f0b6a53b266/resourceGroups/rg-pocapp2-prod-eus2/providers/Microsoft.Cdn/profiles/fd-pocapp2-prod/originGroups/og-webapp"
      + cdn_frontdoor_origin_ids      = (known after apply)
      + enabled                       = true
      + forwarding_protocol           = "HttpsOnly"
      + https_redirect_enabled        = true
      + id                            = (known after apply)
      + link_to_default_domain        = true
      + name                          = "route-webapp"
      + patterns_to_match             = [
          + "/*",
        ]
      + supported_protocols           = [
          + "Http",
          + "Https",
        ]
    }

  # module.function_app_primary[0].azurerm_private_endpoint.this[0] will be created
  + resource "azurerm_private_endpoint" "this" {
      + custom_dns_configs       = (known after apply)
      + id                       = (known after apply)
      + location                 = "eastus2"
      + name                     = "pe-func-pocapp2-prod-eus2"
      + network_interface        = (known after apply)
      + private_dns_zone_configs = (known after apply)
      + resource_group_name      = "rg-pocapp2-prod-eus2"
      + subnet_id                = "/subscriptions/b8383a80-7a39-472f-89b8-4f0b6a53b266/resourceGroups/rg-pocapp2-prod-eus2/providers/Microsoft.Network/virtualNetworks/vnet-pocapp2-prod-eus2/subnets/snet-privateendpoints"
      + tags                     = (known after apply)

      + private_dns_zone_group {
          + id                   = (known after apply)
          + name                 = "dns-zone-group"
          + private_dns_zone_ids = [
              + "/subscriptions/b8383a80-7a39-472f-89b8-4f0b6a53b266/resourceGroups/rg-pocapp2-prod-eus2/providers/Microsoft.Network/privateDnsZones/privatelink.azurewebsites.net",
            ]
        }

      + private_service_connection {
          + is_manual_connection           = false
          + name                           = "psc-func-pocapp2-prod-eus2"
          + private_connection_resource_id = (known after apply)
          + private_ip_address             = (known after apply)
          + subresource_names              = [
              + "sites",
            ]
        }
    }

  # module.function_app_primary[0].azurerm_service_plan.this will be updated in-place
  ~ resource "azurerm_service_plan" "this" {
        id                           = "/subscriptions/b8383a80-7a39-472f-89b8-4f0b6a53b266/resourceGroups/rg-pocapp2-prod-eus2/providers/Microsoft.Web/serverFarms/asp-pocapp2-prod-eus2-func"
        name                         = "asp-pocapp2-prod-eus2-func"
      ~ tags                         = {
          - "Application" = "POC Application - Enterprise Grade"
          - "CostCenter"  = "IT-Infrastructure"
          - "CreatedDate" = "2026-02-02T13:16:23Z"
          - "Criticality" = "High"
          - "Environment" = "prod"
          - "ManagedBy"   = "Terraform"
          - "Owner"       = "Platform Team"
          - "Project"     = "pocapp2"
        } -> (known after apply)
        # (11 unchanged attributes hidden)
    }

  # module.function_app_primary[0].azurerm_windows_function_app.this[0] will be created
  + resource "azurerm_windows_function_app" "this" {
      + app_settings                                   = {
          + "APPINSIGHTS_INSTRUMENTATIONKEY"        = (sensitive value)
          + "APPLICATIONINSIGHTS_CONNECTION_STRING" = (sensitive value)
          + "FUNCTIONS_WORKER_RUNTIME"              = "dotnet-isolated"
          + "KeyVaultUri"                           = "https://kv-pocapp2-prod-eus2.vault.azure.net/"
          + "WEBSITE_CONTENTOVERVNET"               = "1"
          + "WEBSITE_DNS_SERVER"                    = "168.63.129.16"
        }
      + builtin_logging_enabled                        = true
      + client_certificate_enabled                     = false
      + client_certificate_mode                        = "Optional"
      + content_share_force_disabled                   = false
      + custom_domain_verification_id                  = (sensitive value)
      + daily_memory_time_quota                        = 0
      + default_hostname                               = (known after apply)
      + enabled                                        = true
      + ftp_publish_basic_authentication_enabled       = true
      + functions_extension_version                    = "~4"
      + hosting_environment_id                         = (known after apply)
      + https_only                                     = true
      + id                                             = (known after apply)
      + key_vault_reference_identity_id                = (known after apply)
      + kind                                           = (known after apply)
      + location                                       = "eastus2"
      + name                                           = "func-pocapp2-prod-eus2"
      + outbound_ip_address_list                       = (known after apply)
      + outbound_ip_addresses                          = (known after apply)
      + possible_outbound_ip_address_list              = (known after apply)
      + possible_outbound_ip_addresses                 = (known after apply)
      + public_network_access_enabled                  = false
      + resource_group_name                            = "rg-pocapp2-prod-eus2"
      + service_plan_id                                = "/subscriptions/b8383a80-7a39-472f-89b8-4f0b6a53b266/resourceGroups/rg-pocapp2-prod-eus2/providers/Microsoft.Web/serverFarms/asp-pocapp2-prod-eus2-func"
      + site_credential                                = (sensitive value)
      + storage_account_name                           = "stpocapp2prodeus2"
      + storage_uses_managed_identity                  = true
      + tags                                           = (known after apply)
      + virtual_network_subnet_id                      = "/subscriptions/b8383a80-7a39-472f-89b8-4f0b6a53b266/resourceGroups/rg-pocapp2-prod-eus2/providers/Microsoft.Network/virtualNetworks/vnet-pocapp2-prod-eus2/subnets/snet-functionapp"
      + webdeploy_publish_basic_authentication_enabled = true
      + zip_deploy_file                                = (known after apply)

      + identity {
          + principal_id = (known after apply)
          + tenant_id    = (known after apply)
          + type         = "SystemAssigned"
        }

      + site_config {
          + always_on                         = (known after apply)
          + app_scale_limit                   = (known after apply)
          + default_documents                 = (known after apply)
          + detailed_error_logging_enabled    = (known after apply)
          + elastic_instance_minimum          = 3
          + ftps_state                        = "Disabled"
          + health_check_eviction_time_in_min = (known after apply)
          + http2_enabled                     = true
          + ip_restriction_default_action     = "Allow"
          + load_balancing_mode               = "LeastRequests"
          + managed_pipeline_mode             = "Integrated"
          + minimum_tls_version               = "1.2"
          + pre_warmed_instance_count         = (known after apply)
          + remote_debugging_enabled          = false
          + remote_debugging_version          = (known after apply)
          + runtime_scale_monitoring_enabled  = true
          + scm_ip_restriction_default_action = "Allow"
          + scm_minimum_tls_version           = "1.2"
          + scm_type                          = (known after apply)
          + scm_use_main_ip_restriction       = false
          + use_32_bit_worker                 = false
          + vnet_route_all_enabled            = true
          + websockets_enabled                = false
          + windows_fx_version                = (known after apply)
          + worker_count                      = (known after apply)

          + application_stack {
              + dotnet_version              = "v8.0"
              + use_custom_runtime          = (known after apply)
              + use_dotnet_isolated_runtime = true
            }
        }
    }

  # module.function_app_secondary[0].azurerm_private_endpoint.this[0] will be created
  + resource "azurerm_private_endpoint" "this" {
      + custom_dns_configs       = (known after apply)
      + id                       = (known after apply)
      + location                 = "centralus"
      + name                     = "pe-func-pocapp2-prod-cus"
      + network_interface        = (known after apply)
      + private_dns_zone_configs = (known after apply)
      + resource_group_name      = "rg-pocapp2-prod-cus"
      + subnet_id                = "/subscriptions/b8383a80-7a39-472f-89b8-4f0b6a53b266/resourceGroups/rg-pocapp2-prod-cus/providers/Microsoft.Network/virtualNetworks/vnet-pocapp2-prod-cus/subnets/snet-privateendpoints"
      + tags                     = (known after apply)

      + private_dns_zone_group {
          + id                   = (known after apply)
          + name                 = "dns-zone-group"
          + private_dns_zone_ids = [
              + "/subscriptions/b8383a80-7a39-472f-89b8-4f0b6a53b266/resourceGroups/rg-pocapp2-prod-cus/providers/Microsoft.Network/privateDnsZones/privatelink.azurewebsites.net",
            ]
        }

      + private_service_connection {
          + is_manual_connection           = false
          + name                           = "psc-func-pocapp2-prod-cus"
          + private_connection_resource_id = (known after apply)
          + private_ip_address             = (known after apply)
          + subresource_names              = [
              + "sites",
            ]
        }
    }

  # module.function_app_secondary[0].azurerm_service_plan.this will be updated in-place
  ~ resource "azurerm_service_plan" "this" {
        id                           = "/subscriptions/b8383a80-7a39-472f-89b8-4f0b6a53b266/resourceGroups/rg-pocapp2-prod-cus/providers/Microsoft.Web/serverFarms/asp-pocapp2-prod-cus-func"
        name                         = "asp-pocapp2-prod-cus-func"
      ~ tags                         = {
          - "Application" = "POC Application - Enterprise Grade"
          - "CostCenter"  = "IT-Infrastructure"
          - "CreatedDate" = "2026-02-02T13:16:23Z"
          - "Criticality" = "High"
          - "Environment" = "prod"
          - "ManagedBy"   = "Terraform"
          - "Owner"       = "Platform Team"
          - "Project"     = "pocapp2"
        } -> (known after apply)
        # (11 unchanged attributes hidden)
    }

  # module.function_app_secondary[0].azurerm_windows_function_app.this[0] will be created
  + resource "azurerm_windows_function_app" "this" {
      + app_settings                                   = {
          + "APPINSIGHTS_INSTRUMENTATIONKEY"        = (sensitive value)
          + "APPLICATIONINSIGHTS_CONNECTION_STRING" = (sensitive value)
          + "FUNCTIONS_WORKER_RUNTIME"              = "dotnet-isolated"
          + "KeyVaultUri"                           = "https://kv-pocapp2-prod-cus.vault.azure.net/"
          + "WEBSITE_CONTENTOVERVNET"               = "1"
          + "WEBSITE_DNS_SERVER"                    = "168.63.129.16"
        }
      + builtin_logging_enabled                        = true
      + client_certificate_enabled                     = false
      + client_certificate_mode                        = "Optional"
      + content_share_force_disabled                   = false
      + custom_domain_verification_id                  = (sensitive value)
      + daily_memory_time_quota                        = 0
      + default_hostname                               = (known after apply)
      + enabled                                        = true
      + ftp_publish_basic_authentication_enabled       = true
      + functions_extension_version                    = "~4"
      + hosting_environment_id                         = (known after apply)
      + https_only                                     = true
      + id                                             = (known after apply)
      + key_vault_reference_identity_id                = (known after apply)
      + kind                                           = (known after apply)
      + location                                       = "centralus"
      + name                                           = "func-pocapp2-prod-cus"
      + outbound_ip_address_list                       = (known after apply)
      + outbound_ip_addresses                          = (known after apply)
      + possible_outbound_ip_address_list              = (known after apply)
      + possible_outbound_ip_addresses                 = (known after apply)
      + public_network_access_enabled                  = false
      + resource_group_name                            = "rg-pocapp2-prod-cus"
      + service_plan_id                                = "/subscriptions/b8383a80-7a39-472f-89b8-4f0b6a53b266/resourceGroups/rg-pocapp2-prod-cus/providers/Microsoft.Web/serverFarms/asp-pocapp2-prod-cus-func"
      + site_credential                                = (sensitive value)
      + storage_account_name                           = "stpocapp2prodcus"
      + storage_uses_managed_identity                  = true
      + tags                                           = (known after apply)
      + virtual_network_subnet_id                      = "/subscriptions/b8383a80-7a39-472f-89b8-4f0b6a53b266/resourceGroups/rg-pocapp2-prod-cus/providers/Microsoft.Network/virtualNetworks/vnet-pocapp2-prod-cus/subnets/snet-functionapp"
      + webdeploy_publish_basic_authentication_enabled = true
      + zip_deploy_file                                = (known after apply)

      + identity {
          + principal_id = (known after apply)
          + tenant_id    = (known after apply)
          + type         = "SystemAssigned"
        }

      + site_config {
          + always_on                         = (known after apply)
          + app_scale_limit                   = (known after apply)
          + default_documents                 = (known after apply)
          + detailed_error_logging_enabled    = (known after apply)
          + elastic_instance_minimum          = 3
          + ftps_state                        = "Disabled"
          + health_check_eviction_time_in_min = (known after apply)
          + http2_enabled                     = true
          + ip_restriction_default_action     = "Allow"
          + load_balancing_mode               = "LeastRequests"
          + managed_pipeline_mode             = "Integrated"
          + minimum_tls_version               = "1.2"
          + pre_warmed_instance_count         = (known after apply)
          + remote_debugging_enabled          = false
          + remote_debugging_version          = (known after apply)
          + runtime_scale_monitoring_enabled  = true
          + scm_ip_restriction_default_action = "Allow"
          + scm_minimum_tls_version           = "1.2"
          + scm_type                          = (known after apply)
          + scm_use_main_ip_restriction       = false
          + use_32_bit_worker                 = false
          + vnet_route_all_enabled            = true
          + websockets_enabled                = false
          + windows_fx_version                = (known after apply)
          + worker_count                      = (known after apply)

          + application_stack {
              + dotnet_version              = "v8.0"
              + use_custom_runtime          = (known after apply)
              + use_dotnet_isolated_runtime = true
            }
        }
    }

  # module.key_vault_primary.azurerm_key_vault.this will be updated in-place
  ~ resource "azurerm_key_vault" "this" {
        id                              = "/subscriptions/b8383a80-7a39-472f-89b8-4f0b6a53b266/resourceGroups/rg-pocapp2-prod-eus2/providers/Microsoft.KeyVault/vaults/kv-pocapp2-prod-eus2"
        name                            = "kv-pocapp2-prod-eus2"
      ~ tags                            = {
          - "Application" = "POC Application - Enterprise Grade"
          - "CostCenter"  = "IT-Infrastructure"
          - "CreatedDate" = "2026-02-02T13:16:23Z"
          - "Criticality" = "High"
          - "Environment" = "prod"
          - "ManagedBy"   = "Terraform"
          - "Owner"       = "Platform Team"
          - "Project"     = "pocapp2"
        } -> (known after apply)
        # (13 unchanged attributes hidden)

        # (1 unchanged block hidden)
    }

  # module.key_vault_secondary.azurerm_key_vault.this will be updated in-place
  ~ resource "azurerm_key_vault" "this" {
        id                              = "/subscriptions/b8383a80-7a39-472f-89b8-4f0b6a53b266/resourceGroups/rg-pocapp2-prod-cus/providers/Microsoft.KeyVault/vaults/kv-pocapp2-prod-cus"
        name                            = "kv-pocapp2-prod-cus"
      ~ tags                            = {
          - "Application" = "POC Application - Enterprise Grade"
          - "CostCenter"  = "IT-Infrastructure"
          - "CreatedDate" = "2026-02-02T13:16:23Z"
          - "Criticality" = "High"
          - "Environment" = "prod"
          - "ManagedBy"   = "Terraform"
          - "Owner"       = "Platform Team"
          - "Project"     = "pocapp2"
        } -> (known after apply)
        # (13 unchanged attributes hidden)

        # (1 unchanged block hidden)
    }

  # module.monitoring.azurerm_application_insights.this["primary"] will be updated in-place
  ~ resource "azurerm_application_insights" "this" {
        id                                    = "/subscriptions/b8383a80-7a39-472f-89b8-4f0b6a53b266/resourceGroups/rg-pocapp2-prod-eus2/providers/Microsoft.Insights/components/primary"
        name                                  = "primary"
      ~ tags                                  = {
          - "Application" = "POC Application - Enterprise Grade"
          - "CostCenter"  = "IT-Infrastructure"
          - "CreatedDate" = "2026-02-02T13:16:23Z"
          - "Criticality" = "High"
          - "Environment" = "prod"
          - "ManagedBy"   = "Terraform"
          - "Owner"       = "Platform Team"
          - "Project"     = "pocapp2"
        } -> (known after apply)
        # (16 unchanged attributes hidden)
    }

  # module.monitoring.azurerm_application_insights.this["secondary"] will be updated in-place
  ~ resource "azurerm_application_insights" "this" {
        id                                    = "/subscriptions/b8383a80-7a39-472f-89b8-4f0b6a53b266/resourceGroups/rg-pocapp2-prod-eus2/providers/Microsoft.Insights/components/secondary"
        name                                  = "secondary"
      ~ tags                                  = {
          - "Application" = "POC Application - Enterprise Grade"
          - "CostCenter"  = "IT-Infrastructure"
          - "CreatedDate" = "2026-02-02T13:16:23Z"
          - "Criticality" = "High"
          - "Environment" = "prod"
          - "ManagedBy"   = "Terraform"
          - "Owner"       = "Platform Team"
          - "Project"     = "pocapp2"
        } -> (known after apply)
        # (16 unchanged attributes hidden)
    }

  # module.monitoring.azurerm_log_analytics_workspace.this will be updated in-place
  ~ resource "azurerm_log_analytics_workspace" "this" {
        id                                      = "/subscriptions/b8383a80-7a39-472f-89b8-4f0b6a53b266/resourceGroups/rg-pocapp2-prod-eus2/providers/Microsoft.OperationalInsights/workspaces/law-pocapp2-prod-eus2"
        name                                    = "law-pocapp2-prod-eus2"
      ~ tags                                    = {
          - "Application" = "POC Application - Enterprise Grade"
          - "CostCenter"  = "IT-Infrastructure"
          - "CreatedDate" = "2026-02-02T13:16:23Z"
          - "Criticality" = "High"
          - "Environment" = "prod"
          - "ManagedBy"   = "Terraform"
          - "Owner"       = "Platform Team"
          - "Project"     = "pocapp2"
        } -> (known after apply)
        # (15 unchanged attributes hidden)
    }

  # module.monitoring.azurerm_monitor_action_group.this["critical"] will be updated in-place
  ~ resource "azurerm_monitor_action_group" "this" {
        id                  = "/subscriptions/b8383a80-7a39-472f-89b8-4f0b6a53b266/resourceGroups/rg-pocapp2-prod-eus2/providers/Microsoft.Insights/actionGroups/critical"
        name                = "critical"
      ~ tags                = {
          - "Application" = "POC Application - Enterprise Grade"
          - "CostCenter"  = "IT-Infrastructure"
          - "CreatedDate" = "2026-02-02T13:16:23Z"
          - "Criticality" = "High"
          - "Environment" = "prod"
          - "ManagedBy"   = "Terraform"
          - "Owner"       = "Platform Team"
          - "Project"     = "pocapp2"
        } -> (known after apply)
        # (4 unchanged attributes hidden)

        # (1 unchanged block hidden)
    }

  # module.monitoring.azurerm_monitor_action_group.this["warning"] will be updated in-place
  ~ resource "azurerm_monitor_action_group" "this" {
        id                  = "/subscriptions/b8383a80-7a39-472f-89b8-4f0b6a53b266/resourceGroups/rg-pocapp2-prod-eus2/providers/Microsoft.Insights/actionGroups/warning"
        name                = "warning"
      ~ tags                = {
          - "Application" = "POC Application - Enterprise Grade"
          - "CostCenter"  = "IT-Infrastructure"
          - "CreatedDate" = "2026-02-02T13:16:23Z"
          - "Criticality" = "High"
          - "Environment" = "prod"
          - "ManagedBy"   = "Terraform"
          - "Owner"       = "Platform Team"
          - "Project"     = "pocapp2"
        } -> (known after apply)
        # (4 unchanged attributes hidden)

        # (1 unchanged block hidden)
    }

  # module.networking_primary.azurerm_network_security_group.subnets["snet-apim"] will be updated in-place
  ~ resource "azurerm_network_security_group" "subnets" {
        id                  = "/subscriptions/b8383a80-7a39-472f-89b8-4f0b6a53b266/resourceGroups/rg-pocapp2-prod-eus2/providers/Microsoft.Network/networkSecurityGroups/nsg-snet-apim"
        name                = "nsg-snet-apim"
      ~ tags                = {
          - "Application" = "POC Application - Enterprise Grade"
          - "CostCenter"  = "IT-Infrastructure"
          - "CreatedDate" = "2026-02-02T13:16:23Z"
          - "Criticality" = "High"
          - "Environment" = "prod"
          - "ManagedBy"   = "Terraform"
          - "Owner"       = "Platform Team"
          - "Project"     = "pocapp2"
        } -> (known after apply)
        # (3 unchanged attributes hidden)
    }

  # module.networking_primary.azurerm_network_security_group.subnets["snet-appservice"] will be updated in-place
  ~ resource "azurerm_network_security_group" "subnets" {
        id                  = "/subscriptions/b8383a80-7a39-472f-89b8-4f0b6a53b266/resourceGroups/rg-pocapp2-prod-eus2/providers/Microsoft.Network/networkSecurityGroups/nsg-snet-appservice"
        name                = "nsg-snet-appservice"
      ~ tags                = {
          - "Application" = "POC Application - Enterprise Grade"
          - "CostCenter"  = "IT-Infrastructure"
          - "CreatedDate" = "2026-02-02T13:16:23Z"
          - "Criticality" = "High"
          - "Environment" = "prod"
          - "ManagedBy"   = "Terraform"
          - "Owner"       = "Platform Team"
          - "Project"     = "pocapp2"
        } -> (known after apply)
        # (3 unchanged attributes hidden)
    }

  # module.networking_primary.azurerm_network_security_group.subnets["snet-functionapp"] will be updated in-place
  ~ resource "azurerm_network_security_group" "subnets" {
        id                  = "/subscriptions/b8383a80-7a39-472f-89b8-4f0b6a53b266/resourceGroups/rg-pocapp2-prod-eus2/providers/Microsoft.Network/networkSecurityGroups/nsg-snet-functionapp"
        name                = "nsg-snet-functionapp"
      ~ tags                = {
          - "Application" = "POC Application - Enterprise Grade"
          - "CostCenter"  = "IT-Infrastructure"
          - "CreatedDate" = "2026-02-02T13:16:23Z"
          - "Criticality" = "High"
          - "Environment" = "prod"
          - "ManagedBy"   = "Terraform"
          - "Owner"       = "Platform Team"
          - "Project"     = "pocapp2"
        } -> (known after apply)
        # (3 unchanged attributes hidden)
    }

  # module.networking_primary.azurerm_network_security_group.subnets["snet-privateendpoints"] will be updated in-place
  ~ resource "azurerm_network_security_group" "subnets" {
        id                  = "/subscriptions/b8383a80-7a39-472f-89b8-4f0b6a53b266/resourceGroups/rg-pocapp2-prod-eus2/providers/Microsoft.Network/networkSecurityGroups/nsg-snet-privateendpoints"
        name                = "nsg-snet-privateendpoints"
      ~ tags                = {
          - "Application" = "POC Application - Enterprise Grade"
          - "CostCenter"  = "IT-Infrastructure"
          - "CreatedDate" = "2026-02-02T13:16:23Z"
          - "Criticality" = "High"
          - "Environment" = "prod"
          - "ManagedBy"   = "Terraform"
          - "Owner"       = "Platform Team"
          - "Project"     = "pocapp2"
        } -> (known after apply)
        # (3 unchanged attributes hidden)
    }

  # module.networking_primary.azurerm_network_security_group.subnets["snet-redis"] will be updated in-place
  ~ resource "azurerm_network_security_group" "subnets" {
        id                  = "/subscriptions/b8383a80-7a39-472f-89b8-4f0b6a53b266/resourceGroups/rg-pocapp2-prod-eus2/providers/Microsoft.Network/networkSecurityGroups/nsg-snet-redis"
        name                = "nsg-snet-redis"
      ~ tags                = {
          - "Application" = "POC Application - Enterprise Grade"
          - "CostCenter"  = "IT-Infrastructure"
          - "CreatedDate" = "2026-02-02T13:16:23Z"
          - "Criticality" = "High"
          - "Environment" = "prod"
          - "ManagedBy"   = "Terraform"
          - "Owner"       = "Platform Team"
          - "Project"     = "pocapp2"
        } -> (known after apply)
        # (3 unchanged attributes hidden)
    }

  # module.networking_primary.azurerm_network_security_group.subnets["snet-sqlmi"] will be updated in-place
  ~ resource "azurerm_network_security_group" "subnets" {
        id                  = "/subscriptions/b8383a80-7a39-472f-89b8-4f0b6a53b266/resourceGroups/rg-pocapp2-prod-eus2/providers/Microsoft.Network/networkSecurityGroups/nsg-snet-sqlmi"
        name                = "nsg-snet-sqlmi"
      ~ tags                = {
          - "Application" = "POC Application - Enterprise Grade"
          - "CostCenter"  = "IT-Infrastructure"
          - "CreatedDate" = "2026-02-02T13:16:23Z"
          - "Criticality" = "High"
          - "Environment" = "prod"
          - "ManagedBy"   = "Terraform"
          - "Owner"       = "Platform Team"
          - "Project"     = "pocapp2"
        } -> (known after apply)
        # (3 unchanged attributes hidden)
    }

  # module.networking_primary.azurerm_private_dns_zone.zones["apim"] will be updated in-place
  ~ resource "azurerm_private_dns_zone" "zones" {
        id                                                    = "/subscriptions/b8383a80-7a39-472f-89b8-4f0b6a53b266/resourceGroups/rg-pocapp2-prod-eus2/providers/Microsoft.Network/privateDnsZones/privatelink.azure-api.net"
        name                                                  = "privatelink.azure-api.net"
      ~ tags                                                  = {
          - "Application" = "POC Application - Enterprise Grade"
          - "CostCenter"  = "IT-Infrastructure"
          - "CreatedDate" = "2026-02-02T13:16:23Z"
          - "Criticality" = "High"
          - "Environment" = "prod"
          - "ManagedBy"   = "Terraform"
          - "Owner"       = "Platform Team"
          - "Project"     = "pocapp2"
        } -> (known after apply)
        # (5 unchanged attributes hidden)

        # (1 unchanged block hidden)
    }

  # module.networking_primary.azurerm_private_dns_zone.zones["blob"] will be updated in-place
  ~ resource "azurerm_private_dns_zone" "zones" {
        id                                                    = "/subscriptions/b8383a80-7a39-472f-89b8-4f0b6a53b266/resourceGroups/rg-pocapp2-prod-eus2/providers/Microsoft.Network/privateDnsZones/privatelink.blob.core.windows.net"
        name                                                  = "privatelink.blob.core.windows.net"
      ~ tags                                                  = {
          - "Application" = "POC Application - Enterprise Grade"
          - "CostCenter"  = "IT-Infrastructure"
          - "CreatedDate" = "2026-02-02T13:16:23Z"
          - "Criticality" = "High"
          - "Environment" = "prod"
          - "ManagedBy"   = "Terraform"
          - "Owner"       = "Platform Team"
          - "Project"     = "pocapp2"
        } -> (known after apply)
        # (5 unchanged attributes hidden)

        # (1 unchanged block hidden)
    }

  # module.networking_primary.azurerm_private_dns_zone.zones["file"] will be updated in-place
  ~ resource "azurerm_private_dns_zone" "zones" {
        id                                                    = "/subscriptions/b8383a80-7a39-472f-89b8-4f0b6a53b266/resourceGroups/rg-pocapp2-prod-eus2/providers/Microsoft.Network/privateDnsZones/privatelink.file.core.windows.net"
        name                                                  = "privatelink.file.core.windows.net"
      ~ tags                                                  = {
          - "Application" = "POC Application - Enterprise Grade"
          - "CostCenter"  = "IT-Infrastructure"
          - "CreatedDate" = "2026-02-02T13:16:23Z"
          - "Criticality" = "High"
          - "Environment" = "prod"
          - "ManagedBy"   = "Terraform"
          - "Owner"       = "Platform Team"
          - "Project"     = "pocapp2"
        } -> (known after apply)
        # (5 unchanged attributes hidden)

        # (1 unchanged block hidden)
    }

  # module.networking_primary.azurerm_private_dns_zone.zones["keyvault"] will be updated in-place
  ~ resource "azurerm_private_dns_zone" "zones" {
        id                                                    = "/subscriptions/b8383a80-7a39-472f-89b8-4f0b6a53b266/resourceGroups/rg-pocapp2-prod-eus2/providers/Microsoft.Network/privateDnsZones/privatelink.vaultcore.azure.net"
        name                                                  = "privatelink.vaultcore.azure.net"
      ~ tags                                                  = {
          - "Application" = "POC Application - Enterprise Grade"
          - "CostCenter"  = "IT-Infrastructure"
          - "CreatedDate" = "2026-02-02T13:16:23Z"
          - "Criticality" = "High"
          - "Environment" = "prod"
          - "ManagedBy"   = "Terraform"
          - "Owner"       = "Platform Team"
          - "Project"     = "pocapp2"
        } -> (known after apply)
        # (5 unchanged attributes hidden)

        # (1 unchanged block hidden)
    }

  # module.networking_primary.azurerm_private_dns_zone.zones["queue"] will be updated in-place
  ~ resource "azurerm_private_dns_zone" "zones" {
        id                                                    = "/subscriptions/b8383a80-7a39-472f-89b8-4f0b6a53b266/resourceGroups/rg-pocapp2-prod-eus2/providers/Microsoft.Network/privateDnsZones/privatelink.queue.core.windows.net"
        name                                                  = "privatelink.queue.core.windows.net"
      ~ tags                                                  = {
          - "Application" = "POC Application - Enterprise Grade"
          - "CostCenter"  = "IT-Infrastructure"
          - "CreatedDate" = "2026-02-02T13:16:23Z"
          - "Criticality" = "High"
          - "Environment" = "prod"
          - "ManagedBy"   = "Terraform"
          - "Owner"       = "Platform Team"
          - "Project"     = "pocapp2"
        } -> (known after apply)
        # (5 unchanged attributes hidden)

        # (1 unchanged block hidden)
    }

  # module.networking_primary.azurerm_private_dns_zone.zones["redis"] will be updated in-place
  ~ resource "azurerm_private_dns_zone" "zones" {
        id                                                    = "/subscriptions/b8383a80-7a39-472f-89b8-4f0b6a53b266/resourceGroups/rg-pocapp2-prod-eus2/providers/Microsoft.Network/privateDnsZones/privatelink.redis.cache.windows.net"
        name                                                  = "privatelink.redis.cache.windows.net"
      ~ tags                                                  = {
          - "Application" = "POC Application - Enterprise Grade"
          - "CostCenter"  = "IT-Infrastructure"
          - "CreatedDate" = "2026-02-02T13:16:23Z"
          - "Criticality" = "High"
          - "Environment" = "prod"
          - "ManagedBy"   = "Terraform"
          - "Owner"       = "Platform Team"
          - "Project"     = "pocapp2"
        } -> (known after apply)
        # (5 unchanged attributes hidden)

        # (1 unchanged block hidden)
    }

  # module.networking_primary.azurerm_private_dns_zone.zones["sql"] will be updated in-place
  ~ resource "azurerm_private_dns_zone" "zones" {
        id                                                    = "/subscriptions/b8383a80-7a39-472f-89b8-4f0b6a53b266/resourceGroups/rg-pocapp2-prod-eus2/providers/Microsoft.Network/privateDnsZones/privatelink.database.windows.net"
        name                                                  = "privatelink.database.windows.net"
      ~ tags                                                  = {
          - "Application" = "POC Application - Enterprise Grade"
          - "CostCenter"  = "IT-Infrastructure"
          - "CreatedDate" = "2026-02-02T13:16:23Z"
          - "Criticality" = "High"
          - "Environment" = "prod"
          - "ManagedBy"   = "Terraform"
          - "Owner"       = "Platform Team"
          - "Project"     = "pocapp2"
        } -> (known after apply)
        # (5 unchanged attributes hidden)

        # (1 unchanged block hidden)
    }

  # module.networking_primary.azurerm_private_dns_zone.zones["table"] will be updated in-place
  ~ resource "azurerm_private_dns_zone" "zones" {
        id                                                    = "/subscriptions/b8383a80-7a39-472f-89b8-4f0b6a53b266/resourceGroups/rg-pocapp2-prod-eus2/providers/Microsoft.Network/privateDnsZones/privatelink.table.core.windows.net"
        name                                                  = "privatelink.table.core.windows.net"
      ~ tags                                                  = {
          - "Application" = "POC Application - Enterprise Grade"
          - "CostCenter"  = "IT-Infrastructure"
          - "CreatedDate" = "2026-02-02T13:16:23Z"
          - "Criticality" = "High"
          - "Environment" = "prod"
          - "ManagedBy"   = "Terraform"
          - "Owner"       = "Platform Team"
          - "Project"     = "pocapp2"
        } -> (known after apply)
        # (5 unchanged attributes hidden)

        # (1 unchanged block hidden)
    }

  # module.networking_primary.azurerm_private_dns_zone.zones["webapp"] will be updated in-place
  ~ resource "azurerm_private_dns_zone" "zones" {
        id                                                    = "/subscriptions/b8383a80-7a39-472f-89b8-4f0b6a53b266/resourceGroups/rg-pocapp2-prod-eus2/providers/Microsoft.Network/privateDnsZones/privatelink.azurewebsites.net"
        name                                                  = "privatelink.azurewebsites.net"
      ~ tags                                                  = {
          - "Application" = "POC Application - Enterprise Grade"
          - "CostCenter"  = "IT-Infrastructure"
          - "CreatedDate" = "2026-02-02T13:16:23Z"
          - "Criticality" = "High"
          - "Environment" = "prod"
          - "ManagedBy"   = "Terraform"
          - "Owner"       = "Platform Team"
          - "Project"     = "pocapp2"
        } -> (known after apply)
        # (5 unchanged attributes hidden)

        # (1 unchanged block hidden)
    }

  # module.networking_primary.azurerm_private_dns_zone_virtual_network_link.links["apim"] will be updated in-place
  ~ resource "azurerm_private_dns_zone_virtual_network_link" "links" {
        id                    = "/subscriptions/b8383a80-7a39-472f-89b8-4f0b6a53b266/resourceGroups/rg-pocapp2-prod-eus2/providers/Microsoft.Network/privateDnsZones/privatelink.azure-api.net/virtualNetworkLinks/link-vnet-pocapp2-prod-eus2-apim"
        name                  = "link-vnet-pocapp2-prod-eus2-apim"
      ~ tags                  = {
          - "Application" = "POC Application - Enterprise Grade"
          - "CostCenter"  = "IT-Infrastructure"
          - "CreatedDate" = "2026-02-02T13:16:23Z"
          - "Criticality" = "High"
          - "Environment" = "prod"
          - "ManagedBy"   = "Terraform"
          - "Owner"       = "Platform Team"
          - "Project"     = "pocapp2"
        } -> (known after apply)
        # (4 unchanged attributes hidden)
    }

  # module.networking_primary.azurerm_private_dns_zone_virtual_network_link.links["blob"] will be updated in-place
  ~ resource "azurerm_private_dns_zone_virtual_network_link" "links" {
        id                    = "/subscriptions/b8383a80-7a39-472f-89b8-4f0b6a53b266/resourceGroups/rg-pocapp2-prod-eus2/providers/Microsoft.Network/privateDnsZones/privatelink.blob.core.windows.net/virtualNetworkLinks/link-vnet-pocapp2-prod-eus2-blob"
        name                  = "link-vnet-pocapp2-prod-eus2-blob"
      ~ tags                  = {
          - "Application" = "POC Application - Enterprise Grade"
          - "CostCenter"  = "IT-Infrastructure"
          - "CreatedDate" = "2026-02-02T13:16:23Z"
          - "Criticality" = "High"
          - "Environment" = "prod"
          - "ManagedBy"   = "Terraform"
          - "Owner"       = "Platform Team"
          - "Project"     = "pocapp2"
        } -> (known after apply)
        # (4 unchanged attributes hidden)
    }

  # module.networking_primary.azurerm_private_dns_zone_virtual_network_link.links["file"] will be updated in-place
  ~ resource "azurerm_private_dns_zone_virtual_network_link" "links" {
        id                    = "/subscriptions/b8383a80-7a39-472f-89b8-4f0b6a53b266/resourceGroups/rg-pocapp2-prod-eus2/providers/Microsoft.Network/privateDnsZones/privatelink.file.core.windows.net/virtualNetworkLinks/link-vnet-pocapp2-prod-eus2-file"
        name                  = "link-vnet-pocapp2-prod-eus2-file"
      ~ tags                  = {
          - "Application" = "POC Application - Enterprise Grade"
          - "CostCenter"  = "IT-Infrastructure"
          - "CreatedDate" = "2026-02-02T13:16:23Z"
          - "Criticality" = "High"
          - "Environment" = "prod"
          - "ManagedBy"   = "Terraform"
          - "Owner"       = "Platform Team"
          - "Project"     = "pocapp2"
        } -> (known after apply)
        # (4 unchanged attributes hidden)
    }

  # module.networking_primary.azurerm_private_dns_zone_virtual_network_link.links["keyvault"] will be updated in-place
  ~ resource "azurerm_private_dns_zone_virtual_network_link" "links" {
        id                    = "/subscriptions/b8383a80-7a39-472f-89b8-4f0b6a53b266/resourceGroups/rg-pocapp2-prod-eus2/providers/Microsoft.Network/privateDnsZones/privatelink.vaultcore.azure.net/virtualNetworkLinks/link-vnet-pocapp2-prod-eus2-keyvault"
        name                  = "link-vnet-pocapp2-prod-eus2-keyvault"
      ~ tags                  = {
          - "Application" = "POC Application - Enterprise Grade"
          - "CostCenter"  = "IT-Infrastructure"
          - "CreatedDate" = "2026-02-02T13:16:23Z"
          - "Criticality" = "High"
          - "Environment" = "prod"
          - "ManagedBy"   = "Terraform"
          - "Owner"       = "Platform Team"
          - "Project"     = "pocapp2"
        } -> (known after apply)
        # (4 unchanged attributes hidden)
    }

  # module.networking_primary.azurerm_private_dns_zone_virtual_network_link.links["queue"] will be updated in-place
  ~ resource "azurerm_private_dns_zone_virtual_network_link" "links" {
        id                    = "/subscriptions/b8383a80-7a39-472f-89b8-4f0b6a53b266/resourceGroups/rg-pocapp2-prod-eus2/providers/Microsoft.Network/privateDnsZones/privatelink.queue.core.windows.net/virtualNetworkLinks/link-vnet-pocapp2-prod-eus2-queue"
        name                  = "link-vnet-pocapp2-prod-eus2-queue"
      ~ tags                  = {
          - "Application" = "POC Application - Enterprise Grade"
          - "CostCenter"  = "IT-Infrastructure"
          - "CreatedDate" = "2026-02-02T13:16:23Z"
          - "Criticality" = "High"
          - "Environment" = "prod"
          - "ManagedBy"   = "Terraform"
          - "Owner"       = "Platform Team"
          - "Project"     = "pocapp2"
        } -> (known after apply)
        # (4 unchanged attributes hidden)
    }

  # module.networking_primary.azurerm_private_dns_zone_virtual_network_link.links["redis"] will be updated in-place
  ~ resource "azurerm_private_dns_zone_virtual_network_link" "links" {
        id                    = "/subscriptions/b8383a80-7a39-472f-89b8-4f0b6a53b266/resourceGroups/rg-pocapp2-prod-eus2/providers/Microsoft.Network/privateDnsZones/privatelink.redis.cache.windows.net/virtualNetworkLinks/link-vnet-pocapp2-prod-eus2-redis"
        name                  = "link-vnet-pocapp2-prod-eus2-redis"
      ~ tags                  = {
          - "Application" = "POC Application - Enterprise Grade"
          - "CostCenter"  = "IT-Infrastructure"
          - "CreatedDate" = "2026-02-02T13:16:23Z"
          - "Criticality" = "High"
          - "Environment" = "prod"
          - "ManagedBy"   = "Terraform"
          - "Owner"       = "Platform Team"
          - "Project"     = "pocapp2"
        } -> (known after apply)
        # (4 unchanged attributes hidden)
    }

  # module.networking_primary.azurerm_private_dns_zone_virtual_network_link.links["sql"] will be updated in-place
  ~ resource "azurerm_private_dns_zone_virtual_network_link" "links" {
        id                    = "/subscriptions/b8383a80-7a39-472f-89b8-4f0b6a53b266/resourceGroups/rg-pocapp2-prod-eus2/providers/Microsoft.Network/privateDnsZones/privatelink.database.windows.net/virtualNetworkLinks/link-vnet-pocapp2-prod-eus2-sql"
        name                  = "link-vnet-pocapp2-prod-eus2-sql"
      ~ tags                  = {
          - "Application" = "POC Application - Enterprise Grade"
          - "CostCenter"  = "IT-Infrastructure"
          - "CreatedDate" = "2026-02-02T13:16:23Z"
          - "Criticality" = "High"
          - "Environment" = "prod"
          - "ManagedBy"   = "Terraform"
          - "Owner"       = "Platform Team"
          - "Project"     = "pocapp2"
        } -> (known after apply)
        # (4 unchanged attributes hidden)
    }

  # module.networking_primary.azurerm_private_dns_zone_virtual_network_link.links["table"] will be updated in-place
  ~ resource "azurerm_private_dns_zone_virtual_network_link" "links" {
        id                    = "/subscriptions/b8383a80-7a39-472f-89b8-4f0b6a53b266/resourceGroups/rg-pocapp2-prod-eus2/providers/Microsoft.Network/privateDnsZones/privatelink.table.core.windows.net/virtualNetworkLinks/link-vnet-pocapp2-prod-eus2-table"
        name                  = "link-vnet-pocapp2-prod-eus2-table"
      ~ tags                  = {
          - "Application" = "POC Application - Enterprise Grade"
          - "CostCenter"  = "IT-Infrastructure"
          - "CreatedDate" = "2026-02-02T13:16:23Z"
          - "Criticality" = "High"
          - "Environment" = "prod"
          - "ManagedBy"   = "Terraform"
          - "Owner"       = "Platform Team"
          - "Project"     = "pocapp2"
        } -> (known after apply)
        # (4 unchanged attributes hidden)
    }

  # module.networking_primary.azurerm_private_dns_zone_virtual_network_link.links["webapp"] will be updated in-place
  ~ resource "azurerm_private_dns_zone_virtual_network_link" "links" {
        id                    = "/subscriptions/b8383a80-7a39-472f-89b8-4f0b6a53b266/resourceGroups/rg-pocapp2-prod-eus2/providers/Microsoft.Network/privateDnsZones/privatelink.azurewebsites.net/virtualNetworkLinks/link-vnet-pocapp2-prod-eus2-webapp"
        name                  = "link-vnet-pocapp2-prod-eus2-webapp"
      ~ tags                  = {
          - "Application" = "POC Application - Enterprise Grade"
          - "CostCenter"  = "IT-Infrastructure"
          - "CreatedDate" = "2026-02-02T13:16:23Z"
          - "Criticality" = "High"
          - "Environment" = "prod"
          - "ManagedBy"   = "Terraform"
          - "Owner"       = "Platform Team"
          - "Project"     = "pocapp2"
        } -> (known after apply)
        # (4 unchanged attributes hidden)
    }

  # module.networking_primary.azurerm_subnet.subnets["snet-apim"] will be updated in-place
  ~ resource "azurerm_subnet" "subnets" {
        id                                             = "/subscriptions/b8383a80-7a39-472f-89b8-4f0b6a53b266/resourceGroups/rg-pocapp2-prod-eus2/providers/Microsoft.Network/virtualNetworks/vnet-pocapp2-prod-eus2/subnets/snet-apim"
        name                                           = "snet-apim"
        # (11 unchanged attributes hidden)

      ~ delegation {
            name = "Microsoft.ApiManagement/service"

          ~ service_delegation {
              ~ actions = [
                  - "Microsoft.Network/virtualNetworks/subnets/join/action",
                  - "Microsoft.Network/virtualNetworks/subnets/prepareNetworkPolicies/action",
                  + "Microsoft.Network/virtualNetworks/subnets/action",
                ]
                name    = "Microsoft.ApiManagement/service"
            }
        }
    }

  # module.networking_primary.azurerm_subnet.subnets["snet-sqlmi"] will be updated in-place
  ~ resource "azurerm_subnet" "subnets" {
        id                                             = "/subscriptions/b8383a80-7a39-472f-89b8-4f0b6a53b266/resourceGroups/rg-pocapp2-prod-eus2/providers/Microsoft.Network/virtualNetworks/vnet-pocapp2-prod-eus2/subnets/snet-sqlmi"
        name                                           = "snet-sqlmi"
        # (11 unchanged attributes hidden)

      ~ delegation {
            name = "Microsoft.Sql/managedInstances"

          ~ service_delegation {
              ~ actions = [
                  - "Microsoft.Network/virtualNetworks/subnets/join/action",
                  - "Microsoft.Network/virtualNetworks/subnets/prepareNetworkPolicies/action",
                  - "Microsoft.Network/virtualNetworks/subnets/unprepareNetworkPolicies/action",
                  + "Microsoft.Network/virtualNetworks/subnets/action",
                ]
                name    = "Microsoft.Sql/managedInstances"
            }
        }
    }

  # module.networking_primary.azurerm_virtual_network.this will be updated in-place
  ~ resource "azurerm_virtual_network" "this" {
        id                      = "/subscriptions/b8383a80-7a39-472f-89b8-4f0b6a53b266/resourceGroups/rg-pocapp2-prod-eus2/providers/Microsoft.Network/virtualNetworks/vnet-pocapp2-prod-eus2"
        name                    = "vnet-pocapp2-prod-eus2"
      ~ tags                    = {
          - "Application" = "POC Application - Enterprise Grade"
          - "CostCenter"  = "IT-Infrastructure"
          - "CreatedDate" = "2026-02-02T13:16:23Z"
          - "Criticality" = "High"
          - "Environment" = "prod"
          - "ManagedBy"   = "Terraform"
          - "Owner"       = "Platform Team"
          - "Project"     = "pocapp2"
        } -> (known after apply)
        # (9 unchanged attributes hidden)
    }

  # module.networking_secondary.azurerm_network_security_group.subnets["snet-apim"] will be updated in-place
  ~ resource "azurerm_network_security_group" "subnets" {
        id                  = "/subscriptions/b8383a80-7a39-472f-89b8-4f0b6a53b266/resourceGroups/rg-pocapp2-prod-cus/providers/Microsoft.Network/networkSecurityGroups/nsg-snet-apim"
        name                = "nsg-snet-apim"
      ~ tags                = {
          - "Application" = "POC Application - Enterprise Grade"
          - "CostCenter"  = "IT-Infrastructure"
          - "CreatedDate" = "2026-02-02T13:16:23Z"
          - "Criticality" = "High"
          - "Environment" = "prod"
          - "ManagedBy"   = "Terraform"
          - "Owner"       = "Platform Team"
          - "Project"     = "pocapp2"
        } -> (known after apply)
        # (3 unchanged attributes hidden)
    }

  # module.networking_secondary.azurerm_network_security_group.subnets["snet-appservice"] will be updated in-place
  ~ resource "azurerm_network_security_group" "subnets" {
        id                  = "/subscriptions/b8383a80-7a39-472f-89b8-4f0b6a53b266/resourceGroups/rg-pocapp2-prod-cus/providers/Microsoft.Network/networkSecurityGroups/nsg-snet-appservice"
        name                = "nsg-snet-appservice"
      ~ tags                = {
          - "Application" = "POC Application - Enterprise Grade"
          - "CostCenter"  = "IT-Infrastructure"
          - "CreatedDate" = "2026-02-02T13:16:23Z"
          - "Criticality" = "High"
          - "Environment" = "prod"
          - "ManagedBy"   = "Terraform"
          - "Owner"       = "Platform Team"
          - "Project"     = "pocapp2"
        } -> (known after apply)
        # (3 unchanged attributes hidden)
    }

  # module.networking_secondary.azurerm_network_security_group.subnets["snet-functionapp"] will be updated in-place
  ~ resource "azurerm_network_security_group" "subnets" {
        id                  = "/subscriptions/b8383a80-7a39-472f-89b8-4f0b6a53b266/resourceGroups/rg-pocapp2-prod-cus/providers/Microsoft.Network/networkSecurityGroups/nsg-snet-functionapp"
        name                = "nsg-snet-functionapp"
      ~ tags                = {
          - "Application" = "POC Application - Enterprise Grade"
          - "CostCenter"  = "IT-Infrastructure"
          - "CreatedDate" = "2026-02-02T13:16:23Z"
          - "Criticality" = "High"
          - "Environment" = "prod"
          - "ManagedBy"   = "Terraform"
          - "Owner"       = "Platform Team"
          - "Project"     = "pocapp2"
        } -> (known after apply)
        # (3 unchanged attributes hidden)
    }

  # module.networking_secondary.azurerm_network_security_group.subnets["snet-privateendpoints"] will be updated in-place
  ~ resource "azurerm_network_security_group" "subnets" {
        id                  = "/subscriptions/b8383a80-7a39-472f-89b8-4f0b6a53b266/resourceGroups/rg-pocapp2-prod-cus/providers/Microsoft.Network/networkSecurityGroups/nsg-snet-privateendpoints"
        name                = "nsg-snet-privateendpoints"
      ~ tags                = {
          - "Application" = "POC Application - Enterprise Grade"
          - "CostCenter"  = "IT-Infrastructure"
          - "CreatedDate" = "2026-02-02T13:16:23Z"
          - "Criticality" = "High"
          - "Environment" = "prod"
          - "ManagedBy"   = "Terraform"
          - "Owner"       = "Platform Team"
          - "Project"     = "pocapp2"
        } -> (known after apply)
        # (3 unchanged attributes hidden)
    }

  # module.networking_secondary.azurerm_network_security_group.subnets["snet-redis"] will be updated in-place
  ~ resource "azurerm_network_security_group" "subnets" {
        id                  = "/subscriptions/b8383a80-7a39-472f-89b8-4f0b6a53b266/resourceGroups/rg-pocapp2-prod-cus/providers/Microsoft.Network/networkSecurityGroups/nsg-snet-redis"
        name                = "nsg-snet-redis"
      ~ tags                = {
          - "Application" = "POC Application - Enterprise Grade"
          - "CostCenter"  = "IT-Infrastructure"
          - "CreatedDate" = "2026-02-02T13:16:23Z"
          - "Criticality" = "High"
          - "Environment" = "prod"
          - "ManagedBy"   = "Terraform"
          - "Owner"       = "Platform Team"
          - "Project"     = "pocapp2"
        } -> (known after apply)
        # (3 unchanged attributes hidden)
    }

  # module.networking_secondary.azurerm_network_security_group.subnets["snet-sqlmi"] will be updated in-place
  ~ resource "azurerm_network_security_group" "subnets" {
        id                  = "/subscriptions/b8383a80-7a39-472f-89b8-4f0b6a53b266/resourceGroups/rg-pocapp2-prod-cus/providers/Microsoft.Network/networkSecurityGroups/nsg-snet-sqlmi"
        name                = "nsg-snet-sqlmi"
      ~ tags                = {
          - "Application" = "POC Application - Enterprise Grade"
          - "CostCenter"  = "IT-Infrastructure"
          - "CreatedDate" = "2026-02-02T13:16:23Z"
          - "Criticality" = "High"
          - "Environment" = "prod"
          - "ManagedBy"   = "Terraform"
          - "Owner"       = "Platform Team"
          - "Project"     = "pocapp2"
        } -> (known after apply)
        # (3 unchanged attributes hidden)
    }

  # module.networking_secondary.azurerm_private_dns_zone.zones["apim"] will be updated in-place
  ~ resource "azurerm_private_dns_zone" "zones" {
        id                                                    = "/subscriptions/b8383a80-7a39-472f-89b8-4f0b6a53b266/resourceGroups/rg-pocapp2-prod-cus/providers/Microsoft.Network/privateDnsZones/privatelink.azure-api.net"
        name                                                  = "privatelink.azure-api.net"
      ~ tags                                                  = {
          - "Application" = "POC Application - Enterprise Grade"
          - "CostCenter"  = "IT-Infrastructure"
          - "CreatedDate" = "2026-02-02T13:16:23Z"
          - "Criticality" = "High"
          - "Environment" = "prod"
          - "ManagedBy"   = "Terraform"
          - "Owner"       = "Platform Team"
          - "Project"     = "pocapp2"
        } -> (known after apply)
        # (5 unchanged attributes hidden)

        # (1 unchanged block hidden)
    }

  # module.networking_secondary.azurerm_private_dns_zone.zones["blob"] will be updated in-place
  ~ resource "azurerm_private_dns_zone" "zones" {
        id                                                    = "/subscriptions/b8383a80-7a39-472f-89b8-4f0b6a53b266/resourceGroups/rg-pocapp2-prod-cus/providers/Microsoft.Network/privateDnsZones/privatelink.blob.core.windows.net"
        name                                                  = "privatelink.blob.core.windows.net"
      ~ tags                                                  = {
          - "Application" = "POC Application - Enterprise Grade"
          - "CostCenter"  = "IT-Infrastructure"
          - "CreatedDate" = "2026-02-02T13:16:23Z"
          - "Criticality" = "High"
          - "Environment" = "prod"
          - "ManagedBy"   = "Terraform"
          - "Owner"       = "Platform Team"
          - "Project"     = "pocapp2"
        } -> (known after apply)
        # (5 unchanged attributes hidden)

        # (1 unchanged block hidden)
    }

  # module.networking_secondary.azurerm_private_dns_zone.zones["file"] will be updated in-place
  ~ resource "azurerm_private_dns_zone" "zones" {
        id                                                    = "/subscriptions/b8383a80-7a39-472f-89b8-4f0b6a53b266/resourceGroups/rg-pocapp2-prod-cus/providers/Microsoft.Network/privateDnsZones/privatelink.file.core.windows.net"
        name                                                  = "privatelink.file.core.windows.net"
      ~ tags                                                  = {
          - "Application" = "POC Application - Enterprise Grade"
          - "CostCenter"  = "IT-Infrastructure"
          - "CreatedDate" = "2026-02-02T13:16:23Z"
          - "Criticality" = "High"
          - "Environment" = "prod"
          - "ManagedBy"   = "Terraform"
          - "Owner"       = "Platform Team"
          - "Project"     = "pocapp2"
        } -> (known after apply)
        # (5 unchanged attributes hidden)

        # (1 unchanged block hidden)
    }

  # module.networking_secondary.azurerm_private_dns_zone.zones["keyvault"] will be updated in-place
  ~ resource "azurerm_private_dns_zone" "zones" {
        id                                                    = "/subscriptions/b8383a80-7a39-472f-89b8-4f0b6a53b266/resourceGroups/rg-pocapp2-prod-cus/providers/Microsoft.Network/privateDnsZones/privatelink.vaultcore.azure.net"
        name                                                  = "privatelink.vaultcore.azure.net"
      ~ tags                                                  = {
          - "Application" = "POC Application - Enterprise Grade"
          - "CostCenter"  = "IT-Infrastructure"
          - "CreatedDate" = "2026-02-02T13:16:23Z"
          - "Criticality" = "High"
          - "Environment" = "prod"
          - "ManagedBy"   = "Terraform"
          - "Owner"       = "Platform Team"
          - "Project"     = "pocapp2"
        } -> (known after apply)
        # (5 unchanged attributes hidden)

        # (1 unchanged block hidden)
    }

  # module.networking_secondary.azurerm_private_dns_zone.zones["queue"] will be updated in-place
  ~ resource "azurerm_private_dns_zone" "zones" {
        id                                                    = "/subscriptions/b8383a80-7a39-472f-89b8-4f0b6a53b266/resourceGroups/rg-pocapp2-prod-cus/providers/Microsoft.Network/privateDnsZones/privatelink.queue.core.windows.net"
        name                                                  = "privatelink.queue.core.windows.net"
      ~ tags                                                  = {
          - "Application" = "POC Application - Enterprise Grade"
          - "CostCenter"  = "IT-Infrastructure"
          - "CreatedDate" = "2026-02-02T13:16:23Z"
          - "Criticality" = "High"
          - "Environment" = "prod"
          - "ManagedBy"   = "Terraform"
          - "Owner"       = "Platform Team"
          - "Project"     = "pocapp2"
        } -> (known after apply)
        # (5 unchanged attributes hidden)

        # (1 unchanged block hidden)
    }

  # module.networking_secondary.azurerm_private_dns_zone.zones["redis"] will be updated in-place
  ~ resource "azurerm_private_dns_zone" "zones" {
        id                                                    = "/subscriptions/b8383a80-7a39-472f-89b8-4f0b6a53b266/resourceGroups/rg-pocapp2-prod-cus/providers/Microsoft.Network/privateDnsZones/privatelink.redis.cache.windows.net"
        name                                                  = "privatelink.redis.cache.windows.net"
      ~ tags                                                  = {
          - "Application" = "POC Application - Enterprise Grade"
          - "CostCenter"  = "IT-Infrastructure"
          - "CreatedDate" = "2026-02-02T13:16:23Z"
          - "Criticality" = "High"
          - "Environment" = "prod"
          - "ManagedBy"   = "Terraform"
          - "Owner"       = "Platform Team"
          - "Project"     = "pocapp2"
        } -> (known after apply)
        # (5 unchanged attributes hidden)

        # (1 unchanged block hidden)
    }

  # module.networking_secondary.azurerm_private_dns_zone.zones["sql"] will be updated in-place
  ~ resource "azurerm_private_dns_zone" "zones" {
        id                                                    = "/subscriptions/b8383a80-7a39-472f-89b8-4f0b6a53b266/resourceGroups/rg-pocapp2-prod-cus/providers/Microsoft.Network/privateDnsZones/privatelink.database.windows.net"
        name                                                  = "privatelink.database.windows.net"
      ~ tags                                                  = {
          - "Application" = "POC Application - Enterprise Grade"
          - "CostCenter"  = "IT-Infrastructure"
          - "CreatedDate" = "2026-02-02T13:16:23Z"
          - "Criticality" = "High"
          - "Environment" = "prod"
          - "ManagedBy"   = "Terraform"
          - "Owner"       = "Platform Team"
          - "Project"     = "pocapp2"
        } -> (known after apply)
        # (5 unchanged attributes hidden)

        # (1 unchanged block hidden)
    }

  # module.networking_secondary.azurerm_private_dns_zone.zones["table"] will be updated in-place
  ~ resource "azurerm_private_dns_zone" "zones" {
        id                                                    = "/subscriptions/b8383a80-7a39-472f-89b8-4f0b6a53b266/resourceGroups/rg-pocapp2-prod-cus/providers/Microsoft.Network/privateDnsZones/privatelink.table.core.windows.net"
        name                                                  = "privatelink.table.core.windows.net"
      ~ tags                                                  = {
          - "Application" = "POC Application - Enterprise Grade"
          - "CostCenter"  = "IT-Infrastructure"
          - "CreatedDate" = "2026-02-02T13:16:23Z"
          - "Criticality" = "High"
          - "Environment" = "prod"
          - "ManagedBy"   = "Terraform"
          - "Owner"       = "Platform Team"
          - "Project"     = "pocapp2"
        } -> (known after apply)
        # (5 unchanged attributes hidden)

        # (1 unchanged block hidden)
    }

  # module.networking_secondary.azurerm_private_dns_zone.zones["webapp"] will be updated in-place
  ~ resource "azurerm_private_dns_zone" "zones" {
        id                                                    = "/subscriptions/b8383a80-7a39-472f-89b8-4f0b6a53b266/resourceGroups/rg-pocapp2-prod-cus/providers/Microsoft.Network/privateDnsZones/privatelink.azurewebsites.net"
        name                                                  = "privatelink.azurewebsites.net"
      ~ tags                                                  = {
          - "Application" = "POC Application - Enterprise Grade"
          - "CostCenter"  = "IT-Infrastructure"
          - "CreatedDate" = "2026-02-02T13:16:23Z"
          - "Criticality" = "High"
          - "Environment" = "prod"
          - "ManagedBy"   = "Terraform"
          - "Owner"       = "Platform Team"
          - "Project"     = "pocapp2"
        } -> (known after apply)
        # (5 unchanged attributes hidden)

        # (1 unchanged block hidden)
    }

  # module.networking_secondary.azurerm_private_dns_zone_virtual_network_link.links["apim"] will be updated in-place
  ~ resource "azurerm_private_dns_zone_virtual_network_link" "links" {
        id                    = "/subscriptions/b8383a80-7a39-472f-89b8-4f0b6a53b266/resourceGroups/rg-pocapp2-prod-cus/providers/Microsoft.Network/privateDnsZones/privatelink.azure-api.net/virtualNetworkLinks/link-vnet-pocapp2-prod-cus-apim"
        name                  = "link-vnet-pocapp2-prod-cus-apim"
      ~ tags                  = {
          - "Application" = "POC Application - Enterprise Grade"
          - "CostCenter"  = "IT-Infrastructure"
          - "CreatedDate" = "2026-02-02T13:16:23Z"
          - "Criticality" = "High"
          - "Environment" = "prod"
          - "ManagedBy"   = "Terraform"
          - "Owner"       = "Platform Team"
          - "Project"     = "pocapp2"
        } -> (known after apply)
        # (4 unchanged attributes hidden)
    }

  # module.networking_secondary.azurerm_private_dns_zone_virtual_network_link.links["blob"] will be updated in-place
  ~ resource "azurerm_private_dns_zone_virtual_network_link" "links" {
        id                    = "/subscriptions/b8383a80-7a39-472f-89b8-4f0b6a53b266/resourceGroups/rg-pocapp2-prod-cus/providers/Microsoft.Network/privateDnsZones/privatelink.blob.core.windows.net/virtualNetworkLinks/link-vnet-pocapp2-prod-cus-blob"
        name                  = "link-vnet-pocapp2-prod-cus-blob"
      ~ tags                  = {
          - "Application" = "POC Application - Enterprise Grade"
          - "CostCenter"  = "IT-Infrastructure"
          - "CreatedDate" = "2026-02-02T13:16:23Z"
          - "Criticality" = "High"
          - "Environment" = "prod"
          - "ManagedBy"   = "Terraform"
          - "Owner"       = "Platform Team"
          - "Project"     = "pocapp2"
        } -> (known after apply)
        # (4 unchanged attributes hidden)
    }

  # module.networking_secondary.azurerm_private_dns_zone_virtual_network_link.links["file"] will be updated in-place
  ~ resource "azurerm_private_dns_zone_virtual_network_link" "links" {
        id                    = "/subscriptions/b8383a80-7a39-472f-89b8-4f0b6a53b266/resourceGroups/rg-pocapp2-prod-cus/providers/Microsoft.Network/privateDnsZones/privatelink.file.core.windows.net/virtualNetworkLinks/link-vnet-pocapp2-prod-cus-file"
        name                  = "link-vnet-pocapp2-prod-cus-file"
      ~ tags                  = {
          - "Application" = "POC Application - Enterprise Grade"
          - "CostCenter"  = "IT-Infrastructure"
          - "CreatedDate" = "2026-02-02T13:16:23Z"
          - "Criticality" = "High"
          - "Environment" = "prod"
          - "ManagedBy"   = "Terraform"
          - "Owner"       = "Platform Team"
          - "Project"     = "pocapp2"
        } -> (known after apply)
        # (4 unchanged attributes hidden)
    }

  # module.networking_secondary.azurerm_private_dns_zone_virtual_network_link.links["keyvault"] will be updated in-place
  ~ resource "azurerm_private_dns_zone_virtual_network_link" "links" {
        id                    = "/subscriptions/b8383a80-7a39-472f-89b8-4f0b6a53b266/resourceGroups/rg-pocapp2-prod-cus/providers/Microsoft.Network/privateDnsZones/privatelink.vaultcore.azure.net/virtualNetworkLinks/link-vnet-pocapp2-prod-cus-keyvault"
        name                  = "link-vnet-pocapp2-prod-cus-keyvault"
      ~ tags                  = {
          - "Application" = "POC Application - Enterprise Grade"
          - "CostCenter"  = "IT-Infrastructure"
          - "CreatedDate" = "2026-02-02T13:16:23Z"
          - "Criticality" = "High"
          - "Environment" = "prod"
          - "ManagedBy"   = "Terraform"
          - "Owner"       = "Platform Team"
          - "Project"     = "pocapp2"
        } -> (known after apply)
        # (4 unchanged attributes hidden)
    }

  # module.networking_secondary.azurerm_private_dns_zone_virtual_network_link.links["queue"] will be updated in-place
  ~ resource "azurerm_private_dns_zone_virtual_network_link" "links" {
        id                    = "/subscriptions/b8383a80-7a39-472f-89b8-4f0b6a53b266/resourceGroups/rg-pocapp2-prod-cus/providers/Microsoft.Network/privateDnsZones/privatelink.queue.core.windows.net/virtualNetworkLinks/link-vnet-pocapp2-prod-cus-queue"
        name                  = "link-vnet-pocapp2-prod-cus-queue"
      ~ tags                  = {
          - "Application" = "POC Application - Enterprise Grade"
          - "CostCenter"  = "IT-Infrastructure"
          - "CreatedDate" = "2026-02-02T13:16:23Z"
          - "Criticality" = "High"
          - "Environment" = "prod"
          - "ManagedBy"   = "Terraform"
          - "Owner"       = "Platform Team"
          - "Project"     = "pocapp2"
        } -> (known after apply)
        # (4 unchanged attributes hidden)
    }

  # module.networking_secondary.azurerm_private_dns_zone_virtual_network_link.links["redis"] will be updated in-place
  ~ resource "azurerm_private_dns_zone_virtual_network_link" "links" {
        id                    = "/subscriptions/b8383a80-7a39-472f-89b8-4f0b6a53b266/resourceGroups/rg-pocapp2-prod-cus/providers/Microsoft.Network/privateDnsZones/privatelink.redis.cache.windows.net/virtualNetworkLinks/link-vnet-pocapp2-prod-cus-redis"
        name                  = "link-vnet-pocapp2-prod-cus-redis"
      ~ tags                  = {
          - "Application" = "POC Application - Enterprise Grade"
          - "CostCenter"  = "IT-Infrastructure"
          - "CreatedDate" = "2026-02-02T13:16:23Z"
          - "Criticality" = "High"
          - "Environment" = "prod"
          - "ManagedBy"   = "Terraform"
          - "Owner"       = "Platform Team"
          - "Project"     = "pocapp2"
        } -> (known after apply)
        # (4 unchanged attributes hidden)
    }

  # module.networking_secondary.azurerm_private_dns_zone_virtual_network_link.links["sql"] will be updated in-place
  ~ resource "azurerm_private_dns_zone_virtual_network_link" "links" {
        id                    = "/subscriptions/b8383a80-7a39-472f-89b8-4f0b6a53b266/resourceGroups/rg-pocapp2-prod-cus/providers/Microsoft.Network/privateDnsZones/privatelink.database.windows.net/virtualNetworkLinks/link-vnet-pocapp2-prod-cus-sql"
        name                  = "link-vnet-pocapp2-prod-cus-sql"
      ~ tags                  = {
          - "Application" = "POC Application - Enterprise Grade"
          - "CostCenter"  = "IT-Infrastructure"
          - "CreatedDate" = "2026-02-02T13:16:23Z"
          - "Criticality" = "High"
          - "Environment" = "prod"
          - "ManagedBy"   = "Terraform"
          - "Owner"       = "Platform Team"
          - "Project"     = "pocapp2"
        } -> (known after apply)
        # (4 unchanged attributes hidden)
    }

  # module.networking_secondary.azurerm_private_dns_zone_virtual_network_link.links["table"] will be updated in-place
  ~ resource "azurerm_private_dns_zone_virtual_network_link" "links" {
        id                    = "/subscriptions/b8383a80-7a39-472f-89b8-4f0b6a53b266/resourceGroups/rg-pocapp2-prod-cus/providers/Microsoft.Network/privateDnsZones/privatelink.table.core.windows.net/virtualNetworkLinks/link-vnet-pocapp2-prod-cus-table"
        name                  = "link-vnet-pocapp2-prod-cus-table"
      ~ tags                  = {
          - "Application" = "POC Application - Enterprise Grade"
          - "CostCenter"  = "IT-Infrastructure"
          - "CreatedDate" = "2026-02-02T13:16:23Z"
          - "Criticality" = "High"
          - "Environment" = "prod"
          - "ManagedBy"   = "Terraform"
          - "Owner"       = "Platform Team"
          - "Project"     = "pocapp2"
        } -> (known after apply)
        # (4 unchanged attributes hidden)
    }

  # module.networking_secondary.azurerm_private_dns_zone_virtual_network_link.links["webapp"] will be updated in-place
  ~ resource "azurerm_private_dns_zone_virtual_network_link" "links" {
        id                    = "/subscriptions/b8383a80-7a39-472f-89b8-4f0b6a53b266/resourceGroups/rg-pocapp2-prod-cus/providers/Microsoft.Network/privateDnsZones/privatelink.azurewebsites.net/virtualNetworkLinks/link-vnet-pocapp2-prod-cus-webapp"
        name                  = "link-vnet-pocapp2-prod-cus-webapp"
      ~ tags                  = {
          - "Application" = "POC Application - Enterprise Grade"
          - "CostCenter"  = "IT-Infrastructure"
          - "CreatedDate" = "2026-02-02T13:16:23Z"
          - "Criticality" = "High"
          - "Environment" = "prod"
          - "ManagedBy"   = "Terraform"
          - "Owner"       = "Platform Team"
          - "Project"     = "pocapp2"
        } -> (known after apply)
        # (4 unchanged attributes hidden)
    }

  # module.networking_secondary.azurerm_subnet.subnets["snet-apim"] will be updated in-place
  ~ resource "azurerm_subnet" "subnets" {
        id                                             = "/subscriptions/b8383a80-7a39-472f-89b8-4f0b6a53b266/resourceGroups/rg-pocapp2-prod-cus/providers/Microsoft.Network/virtualNetworks/vnet-pocapp2-prod-cus/subnets/snet-apim"
        name                                           = "snet-apim"
        # (11 unchanged attributes hidden)

      ~ delegation {
            name = "Microsoft.ApiManagement/service"

          ~ service_delegation {
              ~ actions = [
                  - "Microsoft.Network/virtualNetworks/subnets/join/action",
                  - "Microsoft.Network/virtualNetworks/subnets/prepareNetworkPolicies/action",
                  + "Microsoft.Network/virtualNetworks/subnets/action",
                ]
                name    = "Microsoft.ApiManagement/service"
            }
        }
    }

  # module.networking_secondary.azurerm_subnet.subnets["snet-sqlmi"] will be updated in-place
  ~ resource "azurerm_subnet" "subnets" {
        id                                             = "/subscriptions/b8383a80-7a39-472f-89b8-4f0b6a53b266/resourceGroups/rg-pocapp2-prod-cus/providers/Microsoft.Network/virtualNetworks/vnet-pocapp2-prod-cus/subnets/snet-sqlmi"
        name                                           = "snet-sqlmi"
        # (11 unchanged attributes hidden)

      ~ delegation {
            name = "Microsoft.Sql/managedInstances"

          ~ service_delegation {
              ~ actions = [
                  - "Microsoft.Network/virtualNetworks/subnets/join/action",
                  - "Microsoft.Network/virtualNetworks/subnets/prepareNetworkPolicies/action",
                  - "Microsoft.Network/virtualNetworks/subnets/unprepareNetworkPolicies/action",
                  + "Microsoft.Network/virtualNetworks/subnets/action",
                ]
                name    = "Microsoft.Sql/managedInstances"
            }
        }
    }

  # module.networking_secondary.azurerm_virtual_network.this will be updated in-place
  ~ resource "azurerm_virtual_network" "this" {
        id                      = "/subscriptions/b8383a80-7a39-472f-89b8-4f0b6a53b266/resourceGroups/rg-pocapp2-prod-cus/providers/Microsoft.Network/virtualNetworks/vnet-pocapp2-prod-cus"
        name                    = "vnet-pocapp2-prod-cus"
      ~ tags                    = {
          - "Application" = "POC Application - Enterprise Grade"
          - "CostCenter"  = "IT-Infrastructure"
          - "CreatedDate" = "2026-02-02T13:16:23Z"
          - "Criticality" = "High"
          - "Environment" = "prod"
          - "ManagedBy"   = "Terraform"
          - "Owner"       = "Platform Team"
          - "Project"     = "pocapp2"
        } -> (known after apply)
        # (9 unchanged attributes hidden)
    }

  # module.redis_primary.azurerm_redis_cache.this will be updated in-place
  ~ resource "azurerm_redis_cache" "this" {
        id                            = "/subscriptions/b8383a80-7a39-472f-89b8-4f0b6a53b266/resourceGroups/rg-pocapp2-prod-eus2/providers/Microsoft.Cache/redis/redis-pocapp2-prod-eus2"
        name                          = "redis-pocapp2-prod-eus2"
      ~ tags                          = {
          - "Application" = "POC Application - Enterprise Grade"
          - "CostCenter"  = "IT-Infrastructure"
          - "CreatedDate" = "2026-02-02T13:16:23Z"
          - "Criticality" = "High"
          - "Environment" = "prod"
          - "ManagedBy"   = "Terraform"
          - "Owner"       = "Platform Team"
          - "Project"     = "pocapp2"
        } -> (known after apply)
        # (24 unchanged attributes hidden)

      ~ redis_configuration {
          ~ maxfragmentationmemory_reserved         = 642 -> 50
          ~ maxmemory_delta                         = 642 -> 50
          ~ maxmemory_reserved                      = 642 -> 50
            # (15 unchanged attributes hidden)
        }

        # (2 unchanged blocks hidden)
    }

  # module.redis_secondary.azurerm_monitor_diagnostic_setting.this[0] will be created
  + resource "azurerm_monitor_diagnostic_setting" "this" {
      + id                             = (known after apply)
      + log_analytics_destination_type = (known after apply)
      + log_analytics_workspace_id     = "/subscriptions/b8383a80-7a39-472f-89b8-4f0b6a53b266/resourceGroups/rg-pocapp2-prod-eus2/providers/Microsoft.OperationalInsights/workspaces/law-pocapp2-prod-eus2"
      + name                           = "diag-redis-pocapp2-prod-cus"
      + target_resource_id             = (known after apply)

      + enabled_log {
          + category       = "ConnectedClientList"
            # (1 unchanged attribute hidden)
        }

      + log (known after apply)

      + metric {
          + category = "AllMetrics"
          + enabled  = true
        }
    }

  # module.redis_secondary.azurerm_redis_cache.this will be created
  + resource "azurerm_redis_cache" "this" {
      + capacity                      = 1
      + enable_non_ssl_port           = false
      + family                        = "P"
      + hostname                      = (known after apply)
      + id                            = (known after apply)
      + location                      = "centralus"
      + minimum_tls_version           = "1.2"
      + name                          = "redis-pocapp2-prod-cus"
      + non_ssl_port_enabled          = false
      + port                          = (known after apply)
      + primary_access_key            = (sensitive value)
      + primary_connection_string     = (sensitive value)
      + private_static_ip_address     = (known after apply)
      + public_network_access_enabled = false
      + redis_version                 = (known after apply)
      + replicas_per_master           = (known after apply)
      + replicas_per_primary          = (known after apply)
      + resource_group_name           = "rg-pocapp2-prod-cus"
      + secondary_access_key          = (sensitive value)
      + secondary_connection_string   = (sensitive value)
      + sku_name                      = "Premium"
      + ssl_port                      = (known after apply)
      + tags                          = (known after apply)
      + zones                         = [
          + "1",
          + "2",
          + "3",
        ]

      + identity {
          + principal_id = (known after apply)
          + tenant_id    = (known after apply)
          + type         = "SystemAssigned"
        }

      + patch_schedule {
          + day_of_week        = "Sunday"
          + maintenance_window = "PT5H"
          + start_hour_utc     = 2
        }

      + redis_configuration {
          + aof_backup_enabled                     = false
          + authentication_enabled                 = (known after apply)
          + data_persistence_authentication_method = "SAS"
          + enable_authentication                  = true
          + maxclients                             = (known after apply)
          + maxfragmentationmemory_reserved        = 50
          + maxmemory_delta                        = 50
          + maxmemory_policy                       = "volatile-lru"
          + maxmemory_reserved                     = 50
          + rdb_backup_enabled                     = false
          + rdb_backup_frequency                   = 60
          + rdb_backup_max_snapshot_count          = 1
        }
    }

  # module.resource_group_primary.azurerm_resource_group.this will be updated in-place
  ~ resource "azurerm_resource_group" "this" {
        id         = "/subscriptions/b8383a80-7a39-472f-89b8-4f0b6a53b266/resourceGroups/rg-pocapp2-prod-eus2"
        name       = "rg-pocapp2-prod-eus2"
      ~ tags       = {
          - "Application" = "POC Application - Enterprise Grade"
          - "CostCenter"  = "IT-Infrastructure"
          - "CreatedDate" = "2026-02-02T13:16:23Z"
          - "Criticality" = "High"
          - "Environment" = "prod"
          - "ManagedBy"   = "Terraform"
          - "Owner"       = "Platform Team"
          - "Project"     = "pocapp2"
        } -> (known after apply)
        # (2 unchanged attributes hidden)
    }

  # module.resource_group_secondary.azurerm_resource_group.this will be updated in-place
  ~ resource "azurerm_resource_group" "this" {
        id         = "/subscriptions/b8383a80-7a39-472f-89b8-4f0b6a53b266/resourceGroups/rg-pocapp2-prod-cus"
        name       = "rg-pocapp2-prod-cus"
      ~ tags       = {
          - "Application" = "POC Application - Enterprise Grade"
          - "CostCenter"  = "IT-Infrastructure"
          - "CreatedDate" = "2026-02-02T13:16:23Z"
          - "Criticality" = "High"
          - "Environment" = "prod"
          - "ManagedBy"   = "Terraform"
          - "Owner"       = "Platform Team"
          - "Project"     = "pocapp2"
        } -> (known after apply)
        # (2 unchanged attributes hidden)
    }

  # module.sql_mi_primary[0].data.azurerm_client_config.current will be read during apply
  # (depends on a resource or a module with changes pending)
 <= data "azurerm_client_config" "current" {
      + client_id       = (known after apply)
      + id              = (known after apply)
      + object_id       = (known after apply)
      + subscription_id = (known after apply)
      + tenant_id       = (known after apply)
    }

  # module.sql_mi_primary[0].azapi_resource.managed_instance will be created
  + resource "azapi_resource" "managed_instance" {
      + body                      = {
          + properties = {
              + administrators                   = {
                  + administratorType         = "ActiveDirectory"
                  + azureADOnlyAuthentication = true
                  + login                     = "admin@MngEnvMCAP245137.onmicrosoft.com"
                  + principalType             = "User"
                  + sid                       = "941f59fd-aeb5-4ba2-9fb9-2f5132d15500"
                  + tenantId                  = "6021aa37-5a44-450a-8854-f08245985be2"
                }
              + collation                        = "SQL_Latin1_General_CP1_CI_AS"
              + licenseType                      = "BasePrice"
              + minimalTlsVersion                = "1.2"
              + proxyOverride                    = "Default"
              + publicDataEndpointEnabled        = false
              + requestedBackupStorageRedundancy = "Zone"
              + storageSizeInGB                  = 256
              + subnetId                         = "/subscriptions/b8383a80-7a39-472f-89b8-4f0b6a53b266/resourceGroups/rg-pocapp2-prod-eus2/providers/Microsoft.Network/virtualNetworks/vnet-pocapp2-prod-eus2/subnets/snet-sqlmi"
              + timezoneId                       = "UTC"
              + vCores                           = 4
              + zoneRedundant                    = true
            }
          + sku        = {
              + name = "GP_Gen5"
              + tier = "GeneralPurpose"
            }
        }
      + id                        = (known after apply)
      + ignore_casing             = false
      + ignore_missing_property   = true
      + ignore_null_property      = false
      + location                  = "eastus2"
      + name                      = "sqlmi-pocapp2-prod-eus2"
      + output                    = (known after apply)
      + parent_id                 = (known after apply)
      + schema_validation_enabled = true
      + sensitive_body            = (write-only attribute)
      + tags                      = {
          + "Application" = "POC Application - Enterprise Grade"
          + "CostCenter"  = "IT-Infrastructure"
          + "CreatedDate" = (known after apply)
          + "Criticality" = "High"
          + "Environment" = "prod"
          + "ManagedBy"   = "Terraform"
          + "Owner"       = "Platform Team"
          + "Project"     = "pocapp2"
        }
      + type                      = "Microsoft.Sql/managedInstances@2023-08-01-preview"

      + identity {
          + principal_id = (known after apply)
          + tenant_id    = (known after apply)
          + type         = "SystemAssigned"
        }

      + timeouts {
          + create = "2h"
          + delete = "2h"
          + update = "2h"
        }
    }

  # module.sql_mi_secondary[0].azapi_resource.managed_instance will be created
  + resource "azapi_resource" "managed_instance" {
      + body                      = {
          + properties = {
              + administrators                   = {
                  + administratorType         = "ActiveDirectory"
                  + azureADOnlyAuthentication = true
                  + login                     = "admin@MngEnvMCAP245137.onmicrosoft.com"
                  + principalType             = "User"
                  + sid                       = "941f59fd-aeb5-4ba2-9fb9-2f5132d15500"
                  + tenantId                  = "6021aa37-5a44-450a-8854-f08245985be2"
                }
              + collation                        = "SQL_Latin1_General_CP1_CI_AS"
              + licenseType                      = "BasePrice"
              + minimalTlsVersion                = "1.2"
              + proxyOverride                    = "Default"
              + publicDataEndpointEnabled        = false
              + requestedBackupStorageRedundancy = "Zone"
              + storageSizeInGB                  = 256
              + subnetId                         = "/subscriptions/b8383a80-7a39-472f-89b8-4f0b6a53b266/resourceGroups/rg-pocapp2-prod-cus/providers/Microsoft.Network/virtualNetworks/vnet-pocapp2-prod-cus/subnets/snet-sqlmi"
              + timezoneId                       = "UTC"
              + vCores                           = 4
              + zoneRedundant                    = true
            }
          + sku        = {
              + name = "GP_Gen5"
              + tier = "GeneralPurpose"
            }
        }
      + id                        = (known after apply)
      + ignore_casing             = false
      + ignore_missing_property   = true
      + ignore_null_property      = false
      + location                  = "centralus"
      + name                      = "sqlmi-pocapp2-prod-cus"
      + output                    = (known after apply)
      + parent_id                 = "/subscriptions/b8383a80-7a39-472f-89b8-4f0b6a53b266/resourceGroups/rg-pocapp2-prod-cus"
      + schema_validation_enabled = true
      + sensitive_body            = (write-only attribute)
      + tags                      = {
          + "Application" = "POC Application - Enterprise Grade"
          + "CostCenter"  = "IT-Infrastructure"
          + "CreatedDate" = (known after apply)
          + "Criticality" = "High"
          + "Environment" = "prod"
          + "ManagedBy"   = "Terraform"
          + "Owner"       = "Platform Team"
          + "Project"     = "pocapp2"
        }
      + type                      = "Microsoft.Sql/managedInstances@2023-08-01-preview"

      + identity {
          + principal_id = (known after apply)
          + tenant_id    = (known after apply)
          + type         = "SystemAssigned"
        }

      + timeouts {
          + create = "2h"
          + delete = "2h"
          + update = "2h"
        }
    }

  # module.storage_primary[0].azapi_resource.containers["backups"] will be created
  + resource "azapi_resource" "containers" {
      + body                      = {
          + properties = {
              + publicAccess = "None"
            }
        }
      + id                        = (known after apply)
      + ignore_casing             = false
      + ignore_missing_property   = true
      + ignore_null_property      = false
      + name                      = "backups"
      + output                    = (known after apply)
      + parent_id                 = "/subscriptions/b8383a80-7a39-472f-89b8-4f0b6a53b266/resourceGroups/rg-pocapp2-prod-eus2/providers/Microsoft.Storage/storageAccounts/stpocapp2prodeus2/blobServices/default"
      + schema_validation_enabled = true
      + sensitive_body            = (write-only attribute)
      + type                      = "Microsoft.Storage/storageAccounts/blobServices/containers@2023-01-01"
    }

  # module.storage_primary[0].azapi_resource.containers["data"] will be created
  + resource "azapi_resource" "containers" {
      + body                      = {
          + properties = {
              + publicAccess = "None"
            }
        }
      + id                        = (known after apply)
      + ignore_casing             = false
      + ignore_missing_property   = true
      + ignore_null_property      = false
      + name                      = "data"
      + output                    = (known after apply)
      + parent_id                 = "/subscriptions/b8383a80-7a39-472f-89b8-4f0b6a53b266/resourceGroups/rg-pocapp2-prod-eus2/providers/Microsoft.Storage/storageAccounts/stpocapp2prodeus2/blobServices/default"
      + schema_validation_enabled = true
      + sensitive_body            = (write-only attribute)
      + type                      = "Microsoft.Storage/storageAccounts/blobServices/containers@2023-01-01"
    }

  # module.storage_primary[0].azapi_resource.containers["logs"] will be created
  + resource "azapi_resource" "containers" {
      + body                      = {
          + properties = {
              + publicAccess = "None"
            }
        }
      + id                        = (known after apply)
      + ignore_casing             = false
      + ignore_missing_property   = true
      + ignore_null_property      = false
      + name                      = "logs"
      + output                    = (known after apply)
      + parent_id                 = "/subscriptions/b8383a80-7a39-472f-89b8-4f0b6a53b266/resourceGroups/rg-pocapp2-prod-eus2/providers/Microsoft.Storage/storageAccounts/stpocapp2prodeus2/blobServices/default"
      + schema_validation_enabled = true
      + sensitive_body            = (write-only attribute)
      + type                      = "Microsoft.Storage/storageAccounts/blobServices/containers@2023-01-01"
    }

  # module.storage_primary[0].azurerm_monitor_diagnostic_setting.blob[0] will be updated in-place
  ~ resource "azurerm_monitor_diagnostic_setting" "blob" {
        id                             = "/subscriptions/b8383a80-7a39-472f-89b8-4f0b6a53b266/resourceGroups/rg-pocapp2-prod-eus2/providers/Microsoft.Storage/storageAccounts/stpocapp2prodeus2/blobServices/default|diag-stpocapp2prodeus2-blob"
        name                           = "diag-stpocapp2prodeus2-blob"
        # (5 unchanged attributes hidden)

      - metric {
          - category = "Capacity" -> null
          - enabled  = false -> null

          - retention_policy {
              - days    = 0 -> null
              - enabled = false -> null
            }
        }
      - metric {
          - category = "Transaction" -> null
          - enabled  = true -> null

          - retention_policy {
              - days    = 0 -> null
              - enabled = false -> null
            }
        }
      + metric {
          + category = "Transaction"
          + enabled  = true
        }

        # (6 unchanged blocks hidden)
    }

  # module.storage_primary[0].azurerm_storage_account.this will be updated in-place
  ~ resource "azurerm_storage_account" "this" {
        id                                 = "/subscriptions/b8383a80-7a39-472f-89b8-4f0b6a53b266/resourceGroups/rg-pocapp2-prod-eus2/providers/Microsoft.Storage/storageAccounts/stpocapp2prodeus2"
        name                               = "stpocapp2prodeus2"
      ~ tags                               = {
          - "Application" = "POC Application - Enterprise Grade"
          - "CostCenter"  = "IT-Infrastructure"
          - "CreatedDate" = "2026-02-02T13:16:23Z"
          - "Criticality" = "High"
          - "Environment" = "prod"
          - "ManagedBy"   = "Terraform"
          - "Owner"       = "Platform Team"
          - "Project"     = "pocapp2"
        } -> (known after apply)
        # (97 unchanged attributes hidden)

        # (5 unchanged blocks hidden)
    }

  # module.storage_primary[0].null_resource.containers["backups"] will be destroyed
  # (because null_resource.containers is not in configuration)
  - resource "null_resource" "containers" {
      - id       = "304623284" -> null
      - triggers = {
          - "container_name"     = "backups"
          - "storage_account_id" = "/subscriptions/b8383a80-7a39-472f-89b8-4f0b6a53b266/resourceGroups/rg-pocapp2-prod-eus2/providers/Microsoft.Storage/storageAccounts/stpocapp2prodeus2"
        } -> null
    }

  # module.storage_primary[0].null_resource.containers["data"] will be destroyed
  # (because null_resource.containers is not in configuration)
  - resource "null_resource" "containers" {
      - id       = "666667518" -> null
      - triggers = {
          - "container_name"     = "data"
          - "storage_account_id" = "/subscriptions/b8383a80-7a39-472f-89b8-4f0b6a53b266/resourceGroups/rg-pocapp2-prod-eus2/providers/Microsoft.Storage/storageAccounts/stpocapp2prodeus2"
        } -> null
    }

  # module.storage_primary[0].null_resource.containers["logs"] will be destroyed
  # (because null_resource.containers is not in configuration)
  - resource "null_resource" "containers" {
      - id       = "90496965" -> null
      - triggers = {
          - "container_name"     = "logs"
          - "storage_account_id" = "/subscriptions/b8383a80-7a39-472f-89b8-4f0b6a53b266/resourceGroups/rg-pocapp2-prod-eus2/providers/Microsoft.Storage/storageAccounts/stpocapp2prodeus2"
        } -> null
    }

  # module.storage_secondary[0].azapi_resource.containers["backups"] will be created
  + resource "azapi_resource" "containers" {
      + body                      = {
          + properties = {
              + publicAccess = "None"
            }
        }
      + id                        = (known after apply)
      + ignore_casing             = false
      + ignore_missing_property   = true
      + ignore_null_property      = false
      + name                      = "backups"
      + output                    = (known after apply)
      + parent_id                 = "/subscriptions/b8383a80-7a39-472f-89b8-4f0b6a53b266/resourceGroups/rg-pocapp2-prod-cus/providers/Microsoft.Storage/storageAccounts/stpocapp2prodcus/blobServices/default"
      + schema_validation_enabled = true
      + sensitive_body            = (write-only attribute)
      + type                      = "Microsoft.Storage/storageAccounts/blobServices/containers@2023-01-01"
    }

  # module.storage_secondary[0].azapi_resource.containers["data"] will be created
  + resource "azapi_resource" "containers" {
      + body                      = {
          + properties = {
              + publicAccess = "None"
            }
        }
      + id                        = (known after apply)
      + ignore_casing             = false
      + ignore_missing_property   = true
      + ignore_null_property      = false
      + name                      = "data"
      + output                    = (known after apply)
      + parent_id                 = "/subscriptions/b8383a80-7a39-472f-89b8-4f0b6a53b266/resourceGroups/rg-pocapp2-prod-cus/providers/Microsoft.Storage/storageAccounts/stpocapp2prodcus/blobServices/default"
      + schema_validation_enabled = true
      + sensitive_body            = (write-only attribute)
      + type                      = "Microsoft.Storage/storageAccounts/blobServices/containers@2023-01-01"
    }

  # module.storage_secondary[0].azapi_resource.containers["logs"] will be created
  + resource "azapi_resource" "containers" {
      + body                      = {
          + properties = {
              + publicAccess = "None"
            }
        }
      + id                        = (known after apply)
      + ignore_casing             = false
      + ignore_missing_property   = true
      + ignore_null_property      = false
      + name                      = "logs"
      + output                    = (known after apply)
      + parent_id                 = "/subscriptions/b8383a80-7a39-472f-89b8-4f0b6a53b266/resourceGroups/rg-pocapp2-prod-cus/providers/Microsoft.Storage/storageAccounts/stpocapp2prodcus/blobServices/default"
      + schema_validation_enabled = true
      + sensitive_body            = (write-only attribute)
      + type                      = "Microsoft.Storage/storageAccounts/blobServices/containers@2023-01-01"
    }

  # module.storage_secondary[0].azurerm_monitor_diagnostic_setting.blob[0] will be updated in-place
  ~ resource "azurerm_monitor_diagnostic_setting" "blob" {
        id                             = "/subscriptions/b8383a80-7a39-472f-89b8-4f0b6a53b266/resourceGroups/rg-pocapp2-prod-cus/providers/Microsoft.Storage/storageAccounts/stpocapp2prodcus/blobServices/default|diag-stpocapp2prodcus-blob"
        name                           = "diag-stpocapp2prodcus-blob"
        # (5 unchanged attributes hidden)

      - metric {
          - category = "Capacity" -> null
          - enabled  = false -> null

          - retention_policy {
              - days    = 0 -> null
              - enabled = false -> null
            }
        }
      - metric {
          - category = "Transaction" -> null
          - enabled  = true -> null

          - retention_policy {
              - days    = 0 -> null
              - enabled = false -> null
            }
        }
      + metric {
          + category = "Transaction"
          + enabled  = true
        }

        # (6 unchanged blocks hidden)
    }

  # module.storage_secondary[0].azurerm_storage_account.this will be updated in-place
  ~ resource "azurerm_storage_account" "this" {
        id                                 = "/subscriptions/b8383a80-7a39-472f-89b8-4f0b6a53b266/resourceGroups/rg-pocapp2-prod-cus/providers/Microsoft.Storage/storageAccounts/stpocapp2prodcus"
        name                               = "stpocapp2prodcus"
      ~ tags                               = {
          - "Application" = "POC Application - Enterprise Grade"
          - "CostCenter"  = "IT-Infrastructure"
          - "CreatedDate" = "2026-02-02T13:16:23Z"
          - "Criticality" = "High"
          - "Environment" = "prod"
          - "ManagedBy"   = "Terraform"
          - "Owner"       = "Platform Team"
          - "Project"     = "pocapp2"
        } -> (known after apply)
        # (97 unchanged attributes hidden)

        # (5 unchanged blocks hidden)
    }

  # module.storage_secondary[0].null_resource.containers["backups"] will be destroyed
  # (because null_resource.containers is not in configuration)
  - resource "null_resource" "containers" {
      - id       = "296869932" -> null
      - triggers = {
          - "container_name"     = "backups"
          - "storage_account_id" = "/subscriptions/b8383a80-7a39-472f-89b8-4f0b6a53b266/resourceGroups/rg-pocapp2-prod-cus/providers/Microsoft.Storage/storageAccounts/stpocapp2prodcus"
        } -> null
    }

  # module.storage_secondary[0].null_resource.containers["data"] will be destroyed
  # (because null_resource.containers is not in configuration)
  - resource "null_resource" "containers" {
      - id       = "461518091" -> null
      - triggers = {
          - "container_name"     = "data"
          - "storage_account_id" = "/subscriptions/b8383a80-7a39-472f-89b8-4f0b6a53b266/resourceGroups/rg-pocapp2-prod-cus/providers/Microsoft.Storage/storageAccounts/stpocapp2prodcus"
        } -> null
    }

  # module.storage_secondary[0].null_resource.containers["logs"] will be destroyed
  # (because null_resource.containers is not in configuration)
  - resource "null_resource" "containers" {
      - id       = "305478614" -> null
      - triggers = {
          - "container_name"     = "logs"
          - "storage_account_id" = "/subscriptions/b8383a80-7a39-472f-89b8-4f0b6a53b266/resourceGroups/rg-pocapp2-prod-cus/providers/Microsoft.Storage/storageAccounts/stpocapp2prodcus"
        } -> null
    }

  # module.key_vault_primary.module.private_endpoint[0].azurerm_private_endpoint.this will be updated in-place
  ~ resource "azurerm_private_endpoint" "this" {
        id                            = "/subscriptions/b8383a80-7a39-472f-89b8-4f0b6a53b266/resourceGroups/rg-pocapp2-prod-eus2/providers/Microsoft.Network/privateEndpoints/pe-kv-pocapp2-prod-eus2"
        name                          = "pe-kv-pocapp2-prod-eus2"
      ~ tags                          = {
          - "Application" = "POC Application - Enterprise Grade"
          - "CostCenter"  = "IT-Infrastructure"
          - "CreatedDate" = "2026-02-02T13:16:23Z"
          - "Criticality" = "High"
          - "Environment" = "prod"
          - "ManagedBy"   = "Terraform"
          - "Owner"       = "Platform Team"
          - "Project"     = "pocapp2"
        } -> (known after apply)
        # (7 unchanged attributes hidden)

        # (2 unchanged blocks hidden)
    }

  # module.key_vault_secondary.module.private_endpoint[0].azurerm_private_endpoint.this will be updated in-place
  ~ resource "azurerm_private_endpoint" "this" {
        id                            = "/subscriptions/b8383a80-7a39-472f-89b8-4f0b6a53b266/resourceGroups/rg-pocapp2-prod-cus/providers/Microsoft.Network/privateEndpoints/pe-kv-pocapp2-prod-cus"
        name                          = "pe-kv-pocapp2-prod-cus"
      ~ tags                          = {
          - "Application" = "POC Application - Enterprise Grade"
          - "CostCenter"  = "IT-Infrastructure"
          - "CreatedDate" = "2026-02-02T13:16:23Z"
          - "Criticality" = "High"
          - "Environment" = "prod"
          - "ManagedBy"   = "Terraform"
          - "Owner"       = "Platform Team"
          - "Project"     = "pocapp2"
        } -> (known after apply)
        # (7 unchanged attributes hidden)

        # (2 unchanged blocks hidden)
    }

  # module.redis_primary.module.private_endpoint[0].azurerm_private_endpoint.this will be updated in-place
  ~ resource "azurerm_private_endpoint" "this" {
        id                            = "/subscriptions/b8383a80-7a39-472f-89b8-4f0b6a53b266/resourceGroups/rg-pocapp2-prod-eus2/providers/Microsoft.Network/privateEndpoints/pe-redis-pocapp2-prod-eus2"
        name                          = "pe-redis-pocapp2-prod-eus2"
      ~ tags                          = {
          - "Application" = "POC Application - Enterprise Grade"
          - "CostCenter"  = "IT-Infrastructure"
          - "CreatedDate" = "2026-02-02T13:16:23Z"
          - "Criticality" = "High"
          - "Environment" = "prod"
          - "ManagedBy"   = "Terraform"
          - "Owner"       = "Platform Team"
          - "Project"     = "pocapp2"
        } -> (known after apply)
        # (7 unchanged attributes hidden)

        # (2 unchanged blocks hidden)
    }

  # module.redis_secondary.module.private_endpoint[0].azurerm_private_endpoint.this will be created
  + resource "azurerm_private_endpoint" "this" {
      + custom_dns_configs       = (known after apply)
      + id                       = (known after apply)
      + location                 = "centralus"
      + name                     = "pe-redis-pocapp2-prod-cus"
      + network_interface        = (known after apply)
      + private_dns_zone_configs = (known after apply)
      + resource_group_name      = "rg-pocapp2-prod-cus"
      + subnet_id                = "/subscriptions/b8383a80-7a39-472f-89b8-4f0b6a53b266/resourceGroups/rg-pocapp2-prod-cus/providers/Microsoft.Network/virtualNetworks/vnet-pocapp2-prod-cus/subnets/snet-privateendpoints"
      + tags                     = (known after apply)

      + private_dns_zone_group {
          + id                   = (known after apply)
          + name                 = "pe-redis-pocapp2-prod-cus-dns-group"
          + private_dns_zone_ids = [
              + "/subscriptions/b8383a80-7a39-472f-89b8-4f0b6a53b266/resourceGroups/rg-pocapp2-prod-eus2/providers/Microsoft.Network/privateDnsZones/privatelink.redis.cache.windows.net",
            ]
        }

      + private_service_connection {
          + is_manual_connection           = false
          + name                           = "pe-redis-pocapp2-prod-cus-connection"
          + private_connection_resource_id = (known after apply)
          + private_ip_address             = (known after apply)
          + subresource_names              = [
              + "redisCache",
            ]
        }
    }

  # module.storage_primary[0].module.blob_private_endpoint[0].azurerm_private_endpoint.this will be updated in-place
  ~ resource "azurerm_private_endpoint" "this" {
        id                            = "/subscriptions/b8383a80-7a39-472f-89b8-4f0b6a53b266/resourceGroups/rg-pocapp2-prod-eus2/providers/Microsoft.Network/privateEndpoints/pe-stpocapp2prodeus2-blob"
        name                          = "pe-stpocapp2prodeus2-blob"
      ~ tags                          = {
          - "Application" = "POC Application - Enterprise Grade"
          - "CostCenter"  = "IT-Infrastructure"
          - "CreatedDate" = "2026-02-02T13:16:23Z"
          - "Criticality" = "High"
          - "Environment" = "prod"
          - "ManagedBy"   = "Terraform"
          - "Owner"       = "Platform Team"
          - "Project"     = "pocapp2"
        } -> (known after apply)
        # (7 unchanged attributes hidden)

        # (1 unchanged block hidden)
    }

  # module.storage_primary[0].module.file_private_endpoint[0].azurerm_private_endpoint.this will be updated in-place
  ~ resource "azurerm_private_endpoint" "this" {
        id                            = "/subscriptions/b8383a80-7a39-472f-89b8-4f0b6a53b266/resourceGroups/rg-pocapp2-prod-eus2/providers/Microsoft.Network/privateEndpoints/pe-stpocapp2prodeus2-file"
        name                          = "pe-stpocapp2prodeus2-file"
      ~ tags                          = {
          - "Application" = "POC Application - Enterprise Grade"
          - "CostCenter"  = "IT-Infrastructure"
          - "CreatedDate" = "2026-02-02T13:16:23Z"
          - "Criticality" = "High"
          - "Environment" = "prod"
          - "ManagedBy"   = "Terraform"
          - "Owner"       = "Platform Team"
          - "Project"     = "pocapp2"
        } -> (known after apply)
        # (7 unchanged attributes hidden)

        # (1 unchanged block hidden)
    }

  # module.storage_primary[0].module.queue_private_endpoint[0].azurerm_private_endpoint.this will be updated in-place
  ~ resource "azurerm_private_endpoint" "this" {
        id                            = "/subscriptions/b8383a80-7a39-472f-89b8-4f0b6a53b266/resourceGroups/rg-pocapp2-prod-eus2/providers/Microsoft.Network/privateEndpoints/pe-stpocapp2prodeus2-queue"
        name                          = "pe-stpocapp2prodeus2-queue"
      ~ tags                          = {
          - "Application" = "POC Application - Enterprise Grade"
          - "CostCenter"  = "IT-Infrastructure"
          - "CreatedDate" = "2026-02-02T13:16:23Z"
          - "Criticality" = "High"
          - "Environment" = "prod"
          - "ManagedBy"   = "Terraform"
          - "Owner"       = "Platform Team"
          - "Project"     = "pocapp2"
        } -> (known after apply)
        # (7 unchanged attributes hidden)

        # (1 unchanged block hidden)
    }

  # module.storage_primary[0].module.table_private_endpoint[0].azurerm_private_endpoint.this will be updated in-place
  ~ resource "azurerm_private_endpoint" "this" {
        id                            = "/subscriptions/b8383a80-7a39-472f-89b8-4f0b6a53b266/resourceGroups/rg-pocapp2-prod-eus2/providers/Microsoft.Network/privateEndpoints/pe-stpocapp2prodeus2-table"
        name                          = "pe-stpocapp2prodeus2-table"
      ~ tags                          = {
          - "Application" = "POC Application - Enterprise Grade"
          - "CostCenter"  = "IT-Infrastructure"
          - "CreatedDate" = "2026-02-02T13:16:23Z"
          - "Criticality" = "High"
          - "Environment" = "prod"
          - "ManagedBy"   = "Terraform"
          - "Owner"       = "Platform Team"
          - "Project"     = "pocapp2"
        } -> (known after apply)
        # (7 unchanged attributes hidden)

        # (1 unchanged block hidden)
    }

  # module.storage_secondary[0].module.blob_private_endpoint[0].azurerm_private_endpoint.this will be updated in-place
  ~ resource "azurerm_private_endpoint" "this" {
        id                            = "/subscriptions/b8383a80-7a39-472f-89b8-4f0b6a53b266/resourceGroups/rg-pocapp2-prod-cus/providers/Microsoft.Network/privateEndpoints/pe-stpocapp2prodcus-blob"
        name                          = "pe-stpocapp2prodcus-blob"
      ~ tags                          = {
          - "Application" = "POC Application - Enterprise Grade"
          - "CostCenter"  = "IT-Infrastructure"
          - "CreatedDate" = "2026-02-02T13:16:23Z"
          - "Criticality" = "High"
          - "Environment" = "prod"
          - "ManagedBy"   = "Terraform"
          - "Owner"       = "Platform Team"
          - "Project"     = "pocapp2"
        } -> (known after apply)
        # (7 unchanged attributes hidden)

        # (1 unchanged block hidden)
    }

  # module.storage_secondary[0].module.file_private_endpoint[0].azurerm_private_endpoint.this will be updated in-place
  ~ resource "azurerm_private_endpoint" "this" {
        id                            = "/subscriptions/b8383a80-7a39-472f-89b8-4f0b6a53b266/resourceGroups/rg-pocapp2-prod-cus/providers/Microsoft.Network/privateEndpoints/pe-stpocapp2prodcus-file"
        name                          = "pe-stpocapp2prodcus-file"
      ~ tags                          = {
          - "Application" = "POC Application - Enterprise Grade"
          - "CostCenter"  = "IT-Infrastructure"
          - "CreatedDate" = "2026-02-02T13:16:23Z"
          - "Criticality" = "High"
          - "Environment" = "prod"
          - "ManagedBy"   = "Terraform"
          - "Owner"       = "Platform Team"
          - "Project"     = "pocapp2"
        } -> (known after apply)
        # (7 unchanged attributes hidden)

        # (1 unchanged block hidden)
    }

  # module.storage_secondary[0].module.queue_private_endpoint[0].azurerm_private_endpoint.this will be updated in-place
  ~ resource "azurerm_private_endpoint" "this" {
        id                            = "/subscriptions/b8383a80-7a39-472f-89b8-4f0b6a53b266/resourceGroups/rg-pocapp2-prod-cus/providers/Microsoft.Network/privateEndpoints/pe-stpocapp2prodcus-queue"
        name                          = "pe-stpocapp2prodcus-queue"
      ~ tags                          = {
          - "Application" = "POC Application - Enterprise Grade"
          - "CostCenter"  = "IT-Infrastructure"
          - "CreatedDate" = "2026-02-02T13:16:23Z"
          - "Criticality" = "High"
          - "Environment" = "prod"
          - "ManagedBy"   = "Terraform"
          - "Owner"       = "Platform Team"
          - "Project"     = "pocapp2"
        } -> (known after apply)
        # (7 unchanged attributes hidden)

        # (1 unchanged block hidden)
    }

  # module.storage_secondary[0].module.table_private_endpoint[0].azurerm_private_endpoint.this will be updated in-place
  ~ resource "azurerm_private_endpoint" "this" {
        id                            = "/subscriptions/b8383a80-7a39-472f-89b8-4f0b6a53b266/resourceGroups/rg-pocapp2-prod-cus/providers/Microsoft.Network/privateEndpoints/pe-stpocapp2prodcus-table"
        name                          = "pe-stpocapp2prodcus-table"
      ~ tags                          = {
          - "Application" = "POC Application - Enterprise Grade"
          - "CostCenter"  = "IT-Infrastructure"
          - "CreatedDate" = "2026-02-02T13:16:23Z"
          - "Criticality" = "High"
          - "Environment" = "prod"
          - "ManagedBy"   = "Terraform"
          - "Owner"       = "Platform Team"
          - "Project"     = "pocapp2"
        } -> (known after apply)
        # (7 unchanged attributes hidden)

        # (1 unchanged block hidden)
    }

Plan: 28 to add, 95 to change, 6 to destroy.

Changes to Outputs:
  ~ connection_strings = (sensitive value)
  + function_apps      = {
      + primary   = {
          + default_hostname = (known after apply)
          + id               = (known after apply)
          + name             = "func-pocapp2-prod-eus2"
        }
      + secondary = {
          + default_hostname = (known after apply)
          + id               = (known after apply)
          + name             = "func-pocapp2-prod-cus"
        }
    }
  ~ redis              = {
      ~ primary   = {
          ~ hostname = "redis-pocapp2-prod-cin.redis.cache.windows.net" -> "redis-pocapp2-prod-eus2.redis.cache.windows.net"
          ~ id       = "/subscriptions/b8383a80-7a39-472f-89b8-4f0b6a53b266/resourceGroups/rg-pocapp2-prod-cin/providers/Microsoft.Cache/redis/redis-pocapp2-prod-cin" -> "/subscriptions/b8383a80-7a39-472f-89b8-4f0b6a53b266/resourceGroups/rg-pocapp2-prod-eus2/providers/Microsoft.Cache/redis/redis-pocapp2-prod-eus2"
          ~ name     = "redis-pocapp2-prod-cin" -> "redis-pocapp2-prod-eus2"
        }
      ~ secondary = {
          ~ hostname = "redis-pocapp2-prod-sea.redis.cache.windows.net" -> (known after apply)
          ~ id       = "/subscriptions/b8383a80-7a39-472f-89b8-4f0b6a53b266/resourceGroups/rg-pocapp2-prod-sea/providers/Microsoft.Cache/redis/redis-pocapp2-prod-sea" -> (known after apply)
          ~ name     = "redis-pocapp2-prod-sea" -> "redis-pocapp2-prod-cus"
        }
    }
  + sql_mi             = (sensitive value)

ΓöÇΓöÇΓöÇΓöÇΓöÇΓöÇΓöÇΓöÇΓöÇΓöÇΓöÇΓöÇΓöÇΓöÇΓöÇΓöÇΓöÇΓöÇΓöÇΓöÇΓöÇΓöÇΓöÇΓöÇΓöÇΓöÇΓöÇΓöÇΓöÇΓöÇΓöÇΓöÇΓöÇΓöÇΓöÇΓöÇΓöÇΓöÇΓöÇΓöÇΓöÇΓöÇΓöÇΓöÇΓöÇΓöÇΓöÇΓöÇΓöÇΓöÇΓöÇΓöÇΓöÇΓöÇΓöÇΓöÇΓöÇΓöÇΓöÇΓöÇΓöÇΓöÇΓöÇΓöÇΓöÇΓöÇΓöÇΓöÇΓöÇΓöÇΓöÇΓöÇΓöÇΓöÇΓöÇΓöÇΓöÇ

Note: You didn't use the -out option to save this plan, so Terraform can't
guarantee to take exactly these actions if you run "terraform apply" now.
